Microsoft Visual Studio Solution File, Format Version 9.00
# Visual Studio 2005
Project("{8BC9CEB8-8B4A-11D0-8D11-00A0C91BC942}") = "AgpModules", "Projects\AgpModules\AgpModules.vcproj", "{55DEEE27-6B81-4BE1-BBB0-FD4894E6806D}"
	ProjectSection(ProjectDependencies) = postProject
		{A5C4630C-E440-4767-87CC-6B53905D260E} = {A5C4630C-E440-4767-87CC-6B53905D260E}
	EndProjectSection
EndProject
Project("{8BC9CEB8-8B4A-11D0-8D11-00A0C91BC942}") = "ApModules", "Projects\ApModules\ApModules.vcproj", "{A5C4630C-E440-4767-87CC-6B53905D260E}"
EndProject
Project("{8BC9CEB8-8B4A-11D0-8D11-00A0C91BC942}") = "AgcModules", "Projects\AgcModules\AgcModules.vcproj", "{1FBF53C3-9711-4BB9-A5C1-DB7E06A6301F}"
	ProjectSection(ProjectDependencies) = postProject
		{1D63A90D-2E76-4F52-9249-4F841B7225B7} = {1D63A90D-2E76-4F52-9249-4F841B7225B7}
		{55DEEE27-6B81-4BE1-BBB0-FD4894E6806D} = {55DEEE27-6B81-4BE1-BBB0-FD4894E6806D}
		{55DEEE27-6B81-4BE1-BBB0-FD4894E6806D} = {55DEEE27-6B81-4BE1-BBB0-FD4894E6806D}
		{D6385B8F-FBE2-42FF-9BDF-57701B466312} = {D6385B8F-FBE2-42FF-9BDF-57701B466312}
		{84D85FE7-027C-4FD2-AEC1-0C813D565752} = {84D85FE7-027C-4FD2-AEC1-0C813D565752}
	EndProjectSection
EndProject
Project("{8BC9CEB8-8B4A-11D0-8D11-00A0C91BC942}") = "AlefClient", "Projects\AlefClient\AlefClient.vcproj", "{2F8BA859-AA7F-4547-A8B6-5858B0C2B9C8}"
	ProjectSection(ProjectDependencies) = postProject
		{55DEEE27-6B81-4BE1-BBB0-FD4894E6806D} = {55DEEE27-6B81-4BE1-BBB0-FD4894E6806D}
		{89812756-7150-4A0C-B764-EF6AF3B96ACB} = {89812756-7150-4A0C-B764-EF6AF3B96ACB}
		{1FBF53C3-9711-4BB9-A5C1-DB7E06A6301F} = {1FBF53C3-9711-4BB9-A5C1-DB7E06A6301F}
		{1FBF53C3-9711-4BB9-A5C1-DB7E06A6301F} = {1FBF53C3-9711-4BB9-A5C1-DB7E06A6301F}
	EndProjectSection
EndProject
Project("{8BC9CEB8-8B4A-11D0-8D11-00A0C91BC942}") = "MciLib", "Projects\MciLib\MciLib.vcproj", "{36A91199-763D-407B-AEE3-E4647285C783}"
EndProject
Project("{8BC9CEB8-8B4A-11D0-8D11-00A0C91BC942}") = "AuDynCodeClient", "Projects\AuDynCode\AuDynCodeClient.vcproj", "{3E57A97A-4EAA-4A6A-966F-B23C2A1CF91D}"
EndProject
Project("{8BC9CEB8-8B4A-11D0-8D11-00A0C91BC942}") = "AuKbHook", "Projects\AuKbHookDLL\AuKbHook.vcproj", "{D6385B8F-FBE2-42FF-9BDF-57701B466312}"
EndProject
Project("{8BC9CEB8-8B4A-11D0-8D11-00A0C91BC942}") = "AlefAdminDLL", "Tools\AlefAdminDLL\AlefAdminDLL.vcproj", "{89812756-7150-4A0C-B764-EF6AF3B96ACB}"
	ProjectSection(ProjectDependencies) = postProject
		{A5C4630C-E440-4767-87CC-6B53905D260E} = {A5C4630C-E440-4767-87CC-6B53905D260E}
		{55DEEE27-6B81-4BE1-BBB0-FD4894E6806D} = {55DEEE27-6B81-4BE1-BBB0-FD4894E6806D}
		{1FBF53C3-9711-4BB9-A5C1-DB7E06A6301F} = {1FBF53C3-9711-4BB9-A5C1-DB7E06A6301F}
		{84D85FE7-027C-4FD2-AEC1-0C813D565752} = {84D85FE7-027C-4FD2-AEC1-0C813D565752}
	EndProjectSection
EndProject
Project("{8BC9CEB8-8B4A-11D0-8D11-00A0C91BC942}") = "SoundLibrary", "SoundLibrary\SoundLibrary.vcproj", "{84D85FE7-027C-4FD2-AEC1-0C813D565752}"
EndProject
Project("{8BC9CEB8-8B4A-11D0-8D11-00A0C91BC942}") = "HanGameForClient", "Projects\HanGameForClient\HanGameForClient.vcproj", "{1D63A90D-2E76-4F52-9249-4F841B7225B7}"
EndProject
Global
	GlobalSection(SolutionConfigurationPlatforms) = preSolution
		Debug Chinese|Win32 = Debug Chinese|Win32
		Debug Chinese|x64 = Debug Chinese|x64
		Debug EM64T|Win32 = Debug EM64T|Win32
		Debug EM64T|x64 = Debug EM64T|x64
		Debug Export|Win32 = Debug Export|Win32
		Debug Export|x64 = Debug Export|x64
		Debug Global|Win32 = Debug Global|Win32
		Debug Global|x64 = Debug Global|x64
		Debug Japanese|Win32 = Debug Japanese|Win32
		Debug Japanese|x64 = Debug Japanese|x64
		Debug MFC|Win32 = Debug MFC|Win32
		Debug MFC|x64 = Debug MFC|x64
		Debug ODBC|Win32 = Debug ODBC|Win32
		Debug ODBC|x64 = Debug ODBC|x64
		Debug Taiwan|Win32 = Debug Taiwan|Win32
		Debug Taiwan|x64 = Debug Taiwan|x64
		Debug(Profile)|Win32 = Debug(Profile)|Win32
		Debug(Profile)|x64 = Debug(Profile)|x64
		Debug_GM Chinese|Win32 = Debug_GM Chinese|Win32
		Debug_GM Chinese|x64 = Debug_GM Chinese|x64
		Debug_GM English|Win32 = Debug_GM English|Win32
		Debug_GM English|x64 = Debug_GM English|x64
		Debug_GM|Win32 = Debug_GM|Win32
		Debug_GM|x64 = Debug_GM|x64
		Debug|Win32 = Debug|Win32
		Debug|x64 = Debug|x64
		Release Chinese|Win32 = Release Chinese|Win32
		Release Chinese|x64 = Release Chinese|x64
		Release EM64T Chinese|Win32 = Release EM64T Chinese|Win32
		Release EM64T Chinese|x64 = Release EM64T Chinese|x64
		Release EM64T|Win32 = Release EM64T|Win32
		Release EM64T|x64 = Release EM64T|x64
		Release English ODBC|Win32 = Release English ODBC|Win32
		Release English ODBC|x64 = Release English ODBC|x64
		Release Global|Win32 = Release Global|Win32
		Release Global|x64 = Release Global|x64
		Release Japanese DLL|Win32 = Release Japanese DLL|Win32
		Release Japanese DLL|x64 = Release Japanese DLL|x64
		Release Japanese|Win32 = Release Japanese|Win32
		Release Japanese|x64 = Release Japanese|x64
		Release MFC|Win32 = Release MFC|Win32
		Release MFC|x64 = Release MFC|x64
		Release MT|Win32 = Release MT|Win32
		Release MT|x64 = Release MT|x64
		Release Taiwan|Win32 = Release Taiwan|Win32
		Release Taiwan|x64 = Release Taiwan|x64
		Release(Profile)|Win32 = Release(Profile)|Win32
		Release(Profile)|x64 = Release(Profile)|x64
		Release_GM Chinese|Win32 = Release_GM Chinese|Win32
		Release_GM Chinese|x64 = Release_GM Chinese|x64
		Release_GM English|Win32 = Release_GM English|Win32
		Release_GM English|x64 = Release_GM English|x64
		Release_GM Japanese|Win32 = Release_GM Japanese|Win32
		Release_GM Japanese|x64 = Release_GM Japanese|x64
		Release_GM|Win32 = Release_GM|Win32
		Release_GM|x64 = Release_GM|x64
		Release|Win32 = Release|Win32
		Release|x64 = Release|x64
	EndGlobalSection
	GlobalSection(ProjectConfigurationPlatforms) = postSolution
		{55DEEE27-6B81-4BE1-BBB0-FD4894E6806D}.Debug Chinese|Win32.ActiveCfg = Debug Chinese|Win32
		{55DEEE27-6B81-4BE1-BBB0-FD4894E6806D}.Debug Chinese|Win32.Build.0 = Debug Chinese|Win32
		{55DEEE27-6B81-4BE1-BBB0-FD4894E6806D}.Debug Chinese|x64.ActiveCfg = Debug Chinese|Win32
		{55DEEE27-6B81-4BE1-BBB0-FD4894E6806D}.Debug EM64T|Win32.ActiveCfg = Debug EM64T|Win32
		{55DEEE27-6B81-4BE1-BBB0-FD4894E6806D}.Debug EM64T|Win32.Build.0 = Debug EM64T|Win32
		{55DEEE27-6B81-4BE1-BBB0-FD4894E6806D}.Debug EM64T|x64.ActiveCfg = Debug EM64T|Win32
		{55DEEE27-6B81-4BE1-BBB0-FD4894E6806D}.Debug Export|Win32.ActiveCfg = Debug|Win32
		{55DEEE27-6B81-4BE1-BBB0-FD4894E6806D}.Debug Export|Win32.Build.0 = Debug|Win32
		{55DEEE27-6B81-4BE1-BBB0-FD4894E6806D}.Debug Export|x64.ActiveCfg = Debug EM64T|Win32
		{55DEEE27-6B81-4BE1-BBB0-FD4894E6806D}.Debug Global|Win32.ActiveCfg = Debug Global|Win32
		{55DEEE27-6B81-4BE1-BBB0-FD4894E6806D}.Debug Global|Win32.Build.0 = Debug Global|Win32
		{55DEEE27-6B81-4BE1-BBB0-FD4894E6806D}.Debug Global|x64.ActiveCfg = Debug Global|Win32
		{55DEEE27-6B81-4BE1-BBB0-FD4894E6806D}.Debug Japanese|Win32.ActiveCfg = Debug Japanese|Win32
		{55DEEE27-6B81-4BE1-BBB0-FD4894E6806D}.Debug Japanese|Win32.Build.0 = Debug Japanese|Win32
		{55DEEE27-6B81-4BE1-BBB0-FD4894E6806D}.Debug Japanese|x64.ActiveCfg = Debug Japanese|Win32
		{55DEEE27-6B81-4BE1-BBB0-FD4894E6806D}.Debug MFC|Win32.ActiveCfg = Debug|Win32
		{55DEEE27-6B81-4BE1-BBB0-FD4894E6806D}.Debug MFC|Win32.Build.0 = Debug|Win32
		{55DEEE27-6B81-4BE1-BBB0-FD4894E6806D}.Debug MFC|x64.ActiveCfg = Debug Chinese|Win32
		{55DEEE27-6B81-4BE1-BBB0-FD4894E6806D}.Debug ODBC|Win32.ActiveCfg = Debug|Win32
		{55DEEE27-6B81-4BE1-BBB0-FD4894E6806D}.Debug ODBC|Win32.Build.0 = Debug|Win32
		{55DEEE27-6B81-4BE1-BBB0-FD4894E6806D}.Debug ODBC|x64.ActiveCfg = Debug Chinese|Win32
		{55DEEE27-6B81-4BE1-BBB0-FD4894E6806D}.Debug Taiwan|Win32.ActiveCfg = Debug Taiwan|Win32
		{55DEEE27-6B81-4BE1-BBB0-FD4894E6806D}.Debug Taiwan|Win32.Build.0 = Debug Taiwan|Win32
		{55DEEE27-6B81-4BE1-BBB0-FD4894E6806D}.Debug Taiwan|x64.ActiveCfg = Debug Taiwan|Win32
		{55DEEE27-6B81-4BE1-BBB0-FD4894E6806D}.Debug(Profile)|Win32.ActiveCfg = Debug Chinese|Win32
		{55DEEE27-6B81-4BE1-BBB0-FD4894E6806D}.Debug(Profile)|Win32.Build.0 = Debug Chinese|Win32
		{55DEEE27-6B81-4BE1-BBB0-FD4894E6806D}.Debug(Profile)|x64.ActiveCfg = Debug Chinese|Win32
		{55DEEE27-6B81-4BE1-BBB0-FD4894E6806D}.Debug_GM Chinese|Win32.ActiveCfg = Debug|Win32
		{55DEEE27-6B81-4BE1-BBB0-FD4894E6806D}.Debug_GM Chinese|Win32.Build.0 = Debug|Win32
		{55DEEE27-6B81-4BE1-BBB0-FD4894E6806D}.Debug_GM Chinese|x64.ActiveCfg = Debug Chinese|Win32
		{55DEEE27-6B81-4BE1-BBB0-FD4894E6806D}.Debug_GM English|Win32.ActiveCfg = Debug|Win32
		{55DEEE27-6B81-4BE1-BBB0-FD4894E6806D}.Debug_GM English|Win32.Build.0 = Debug|Win32
		{55DEEE27-6B81-4BE1-BBB0-FD4894E6806D}.Debug_GM English|x64.ActiveCfg = Debug|Win32
		{55DEEE27-6B81-4BE1-BBB0-FD4894E6806D}.Debug_GM English|x64.Build.0 = Debug|Win32
		{55DEEE27-6B81-4BE1-BBB0-FD4894E6806D}.Debug_GM|Win32.ActiveCfg = Debug|Win32
		{55DEEE27-6B81-4BE1-BBB0-FD4894E6806D}.Debug_GM|Win32.Build.0 = Debug|Win32
		{55DEEE27-6B81-4BE1-BBB0-FD4894E6806D}.Debug_GM|x64.ActiveCfg = Debug|Win32
		{55DEEE27-6B81-4BE1-BBB0-FD4894E6806D}.Debug_GM|x64.Build.0 = Debug|Win32
		{55DEEE27-6B81-4BE1-BBB0-FD4894E6806D}.Debug|Win32.ActiveCfg = Debug|Win32
		{55DEEE27-6B81-4BE1-BBB0-FD4894E6806D}.Debug|Win32.Build.0 = Debug|Win32
		{55DEEE27-6B81-4BE1-BBB0-FD4894E6806D}.Debug|x64.ActiveCfg = Debug|Win32
		{55DEEE27-6B81-4BE1-BBB0-FD4894E6806D}.Release Chinese|Win32.ActiveCfg = Release Chinese|Win32
		{55DEEE27-6B81-4BE1-BBB0-FD4894E6806D}.Release Chinese|Win32.Build.0 = Release Chinese|Win32
		{55DEEE27-6B81-4BE1-BBB0-FD4894E6806D}.Release Chinese|x64.ActiveCfg = Release Chinese|Win32
		{55DEEE27-6B81-4BE1-BBB0-FD4894E6806D}.Release EM64T Chinese|Win32.ActiveCfg = Release EM64T|Win32
		{55DEEE27-6B81-4BE1-BBB0-FD4894E6806D}.Release EM64T Chinese|Win32.Build.0 = Release EM64T|Win32
		{55DEEE27-6B81-4BE1-BBB0-FD4894E6806D}.Release EM64T Chinese|x64.ActiveCfg = Release EM64T|Win32
		{55DEEE27-6B81-4BE1-BBB0-FD4894E6806D}.Release EM64T|Win32.ActiveCfg = Release EM64T|Win32
		{55DEEE27-6B81-4BE1-BBB0-FD4894E6806D}.Release EM64T|Win32.Build.0 = Release EM64T|Win32
		{55DEEE27-6B81-4BE1-BBB0-FD4894E6806D}.Release EM64T|x64.ActiveCfg = Release EM64T|Win32
		{55DEEE27-6B81-4BE1-BBB0-FD4894E6806D}.Release English ODBC|Win32.ActiveCfg = Release|Win32
		{55DEEE27-6B81-4BE1-BBB0-FD4894E6806D}.Release English ODBC|Win32.Build.0 = Release|Win32
		{55DEEE27-6B81-4BE1-BBB0-FD4894E6806D}.Release English ODBC|x64.ActiveCfg = Release EM64T|Win32
		{55DEEE27-6B81-4BE1-BBB0-FD4894E6806D}.Release Global|Win32.ActiveCfg = Release Global|Win32
		{55DEEE27-6B81-4BE1-BBB0-FD4894E6806D}.Release Global|Win32.Build.0 = Release Global|Win32
		{55DEEE27-6B81-4BE1-BBB0-FD4894E6806D}.Release Global|x64.ActiveCfg = Release Global|Win32
		{55DEEE27-6B81-4BE1-BBB0-FD4894E6806D}.Release Japanese DLL|Win32.ActiveCfg = Release Japanese|Win32
		{55DEEE27-6B81-4BE1-BBB0-FD4894E6806D}.Release Japanese DLL|Win32.Build.0 = Release Japanese|Win32
		{55DEEE27-6B81-4BE1-BBB0-FD4894E6806D}.Release Japanese DLL|x64.ActiveCfg = Release Japanese|Win32
		{55DEEE27-6B81-4BE1-BBB0-FD4894E6806D}.Release Japanese|Win32.ActiveCfg = Release|Win32
		{55DEEE27-6B81-4BE1-BBB0-FD4894E6806D}.Release Japanese|Win32.Build.0 = Release|Win32
		{55DEEE27-6B81-4BE1-BBB0-FD4894E6806D}.Release Japanese|x64.ActiveCfg = Release Japanese|Win32
		{55DEEE27-6B81-4BE1-BBB0-FD4894E6806D}.Release MFC|Win32.ActiveCfg = Release|Win32
		{55DEEE27-6B81-4BE1-BBB0-FD4894E6806D}.Release MFC|Win32.Build.0 = Release|Win32
		{55DEEE27-6B81-4BE1-BBB0-FD4894E6806D}.Release MFC|x64.ActiveCfg = Release|Win32
		{55DEEE27-6B81-4BE1-BBB0-FD4894E6806D}.Release MFC|x64.Build.0 = Release|Win32
		{55DEEE27-6B81-4BE1-BBB0-FD4894E6806D}.Release MT|Win32.ActiveCfg = Release Chinese|Win32
		{55DEEE27-6B81-4BE1-BBB0-FD4894E6806D}.Release MT|Win32.Build.0 = Release Chinese|Win32
		{55DEEE27-6B81-4BE1-BBB0-FD4894E6806D}.Release MT|x64.ActiveCfg = Release Chinese|Win32
		{55DEEE27-6B81-4BE1-BBB0-FD4894E6806D}.Release Taiwan|Win32.ActiveCfg = Release_Taiwan|Win32
		{55DEEE27-6B81-4BE1-BBB0-FD4894E6806D}.Release Taiwan|Win32.Build.0 = Release_Taiwan|Win32
		{55DEEE27-6B81-4BE1-BBB0-FD4894E6806D}.Release Taiwan|x64.ActiveCfg = Release Chinese|Win32
		{55DEEE27-6B81-4BE1-BBB0-FD4894E6806D}.Release(Profile)|Win32.ActiveCfg = Release|Win32
		{55DEEE27-6B81-4BE1-BBB0-FD4894E6806D}.Release(Profile)|Win32.Build.0 = Release|Win32
		{55DEEE27-6B81-4BE1-BBB0-FD4894E6806D}.Release(Profile)|x64.ActiveCfg = Release Chinese|Win32
		{55DEEE27-6B81-4BE1-BBB0-FD4894E6806D}.Release_GM Chinese|Win32.ActiveCfg = Release|Win32
		{55DEEE27-6B81-4BE1-BBB0-FD4894E6806D}.Release_GM Chinese|Win32.Build.0 = Release|Win32
		{55DEEE27-6B81-4BE1-BBB0-FD4894E6806D}.Release_GM Chinese|x64.ActiveCfg = Release Chinese|Win32
		{55DEEE27-6B81-4BE1-BBB0-FD4894E6806D}.Release_GM English|Win32.ActiveCfg = Release|Win32
		{55DEEE27-6B81-4BE1-BBB0-FD4894E6806D}.Release_GM English|Win32.Build.0 = Release|Win32
		{55DEEE27-6B81-4BE1-BBB0-FD4894E6806D}.Release_GM English|x64.ActiveCfg = Release Chinese|Win32
		{55DEEE27-6B81-4BE1-BBB0-FD4894E6806D}.Release_GM Japanese|Win32.ActiveCfg = Release|Win32
		{55DEEE27-6B81-4BE1-BBB0-FD4894E6806D}.Release_GM Japanese|Win32.Build.0 = Release|Win32
		{55DEEE27-6B81-4BE1-BBB0-FD4894E6806D}.Release_GM Japanese|x64.ActiveCfg = Release Chinese|Win32
		{55DEEE27-6B81-4BE1-BBB0-FD4894E6806D}.Release_GM|Win32.ActiveCfg = Release|Win32
		{55DEEE27-6B81-4BE1-BBB0-FD4894E6806D}.Release_GM|Win32.Build.0 = Release|Win32
		{55DEEE27-6B81-4BE1-BBB0-FD4894E6806D}.Release_GM|x64.ActiveCfg = Release|Win32
		{55DEEE27-6B81-4BE1-BBB0-FD4894E6806D}.Release_GM|x64.Build.0 = Release|Win32
		{55DEEE27-6B81-4BE1-BBB0-FD4894E6806D}.Release|Win32.ActiveCfg = Release|Win32
		{55DEEE27-6B81-4BE1-BBB0-FD4894E6806D}.Release|Win32.Build.0 = Release|Win32
		{55DEEE27-6B81-4BE1-BBB0-FD4894E6806D}.Release|x64.ActiveCfg = Release|Win32
		{A5C4630C-E440-4767-87CC-6B53905D260E}.Debug Chinese|Win32.ActiveCfg = Debug Chinese|Win32
		{A5C4630C-E440-4767-87CC-6B53905D260E}.Debug Chinese|Win32.Build.0 = Debug Chinese|Win32
		{A5C4630C-E440-4767-87CC-6B53905D260E}.Debug Chinese|x64.ActiveCfg = Debug Chinese|Win32
		{A5C4630C-E440-4767-87CC-6B53905D260E}.Debug EM64T|Win32.ActiveCfg = Debug EM64T|Win32
		{A5C4630C-E440-4767-87CC-6B53905D260E}.Debug EM64T|Win32.Build.0 = Debug EM64T|Win32
		{A5C4630C-E440-4767-87CC-6B53905D260E}.Debug EM64T|x64.ActiveCfg = Debug EM64T|Win32
		{A5C4630C-E440-4767-87CC-6B53905D260E}.Debug Export|Win32.ActiveCfg = Debug|Win32
		{A5C4630C-E440-4767-87CC-6B53905D260E}.Debug Export|Win32.Build.0 = Debug|Win32
		{A5C4630C-E440-4767-87CC-6B53905D260E}.Debug Export|x64.ActiveCfg = Debug English|Win32
		{A5C4630C-E440-4767-87CC-6B53905D260E}.Debug Global|Win32.ActiveCfg = Debug Global|Win32
		{A5C4630C-E440-4767-87CC-6B53905D260E}.Debug Global|Win32.Build.0 = Debug Global|Win32
		{A5C4630C-E440-4767-87CC-6B53905D260E}.Debug Global|x64.ActiveCfg = Debug English|Win32
		{A5C4630C-E440-4767-87CC-6B53905D260E}.Debug Japanese|Win32.ActiveCfg = Debug Japanese|Win32
		{A5C4630C-E440-4767-87CC-6B53905D260E}.Debug Japanese|Win32.Build.0 = Debug Japanese|Win32
		{A5C4630C-E440-4767-87CC-6B53905D260E}.Debug Japanese|x64.ActiveCfg = Debug Japanese|Win32
		{A5C4630C-E440-4767-87CC-6B53905D260E}.Debug MFC|Win32.ActiveCfg = Debug|Win32
		{A5C4630C-E440-4767-87CC-6B53905D260E}.Debug MFC|Win32.Build.0 = Debug|Win32
		{A5C4630C-E440-4767-87CC-6B53905D260E}.Debug MFC|x64.ActiveCfg = Debug Japanese|Win32
		{A5C4630C-E440-4767-87CC-6B53905D260E}.Debug ODBC|Win32.ActiveCfg = Debug|Win32
		{A5C4630C-E440-4767-87CC-6B53905D260E}.Debug ODBC|Win32.Build.0 = Debug|Win32
		{A5C4630C-E440-4767-87CC-6B53905D260E}.Debug ODBC|x64.ActiveCfg = Debug Japanese|Win32
		{A5C4630C-E440-4767-87CC-6B53905D260E}.Debug Taiwan|Win32.ActiveCfg = Debug Taiwan|Win32
		{A5C4630C-E440-4767-87CC-6B53905D260E}.Debug Taiwan|Win32.Build.0 = Debug Taiwan|Win32
		{A5C4630C-E440-4767-87CC-6B53905D260E}.Debug Taiwan|x64.ActiveCfg = Debug Taiwan|Win32
		{A5C4630C-E440-4767-87CC-6B53905D260E}.Debug(Profile)|Win32.ActiveCfg = Debug Japanese|Win32
		{A5C4630C-E440-4767-87CC-6B53905D260E}.Debug(Profile)|Win32.Build.0 = Debug Japanese|Win32
		{A5C4630C-E440-4767-87CC-6B53905D260E}.Debug(Profile)|x64.ActiveCfg = Debug Japanese|Win32
		{A5C4630C-E440-4767-87CC-6B53905D260E}.Debug_GM Chinese|Win32.ActiveCfg = Debug Chinese|Win32
		{A5C4630C-E440-4767-87CC-6B53905D260E}.Debug_GM Chinese|Win32.Build.0 = Debug Chinese|Win32
		{A5C4630C-E440-4767-87CC-6B53905D260E}.Debug_GM Chinese|x64.ActiveCfg = Debug Japanese|Win32
		{A5C4630C-E440-4767-87CC-6B53905D260E}.Debug_GM English|Win32.ActiveCfg = Debug English|Win32
		{A5C4630C-E440-4767-87CC-6B53905D260E}.Debug_GM English|Win32.Build.0 = Debug English|Win32
		{A5C4630C-E440-4767-87CC-6B53905D260E}.Debug_GM English|x64.ActiveCfg = Debug|Win32
		{A5C4630C-E440-4767-87CC-6B53905D260E}.Debug_GM English|x64.Build.0 = Debug|Win32
		{A5C4630C-E440-4767-87CC-6B53905D260E}.Debug_GM|Win32.ActiveCfg = Debug|Win32
		{A5C4630C-E440-4767-87CC-6B53905D260E}.Debug_GM|Win32.Build.0 = Debug|Win32
		{A5C4630C-E440-4767-87CC-6B53905D260E}.Debug_GM|x64.ActiveCfg = Debug|Win32
		{A5C4630C-E440-4767-87CC-6B53905D260E}.Debug_GM|x64.Build.0 = Debug|Win32
		{A5C4630C-E440-4767-87CC-6B53905D260E}.Debug|Win32.ActiveCfg = Debug|Win32
		{A5C4630C-E440-4767-87CC-6B53905D260E}.Debug|Win32.Build.0 = Debug|Win32
		{A5C4630C-E440-4767-87CC-6B53905D260E}.Debug|x64.ActiveCfg = Debug|Win32
		{A5C4630C-E440-4767-87CC-6B53905D260E}.Release Chinese|Win32.ActiveCfg = Release Chinese|Win32
		{A5C4630C-E440-4767-87CC-6B53905D260E}.Release Chinese|Win32.Build.0 = Release Chinese|Win32
		{A5C4630C-E440-4767-87CC-6B53905D260E}.Release Chinese|x64.ActiveCfg = Release Chinese|Win32
		{A5C4630C-E440-4767-87CC-6B53905D260E}.Release EM64T Chinese|Win32.ActiveCfg = Release EM64T|Win32
		{A5C4630C-E440-4767-87CC-6B53905D260E}.Release EM64T Chinese|Win32.Build.0 = Release EM64T|Win32
		{A5C4630C-E440-4767-87CC-6B53905D260E}.Release EM64T Chinese|x64.ActiveCfg = Release EM64T Chinese|Win32
		{A5C4630C-E440-4767-87CC-6B53905D260E}.Release EM64T|Win32.ActiveCfg = Release EM64T|Win32
		{A5C4630C-E440-4767-87CC-6B53905D260E}.Release EM64T|Win32.Build.0 = Release EM64T|Win32
		{A5C4630C-E440-4767-87CC-6B53905D260E}.Release EM64T|x64.ActiveCfg = Release EM64T|Win32
		{A5C4630C-E440-4767-87CC-6B53905D260E}.Release English ODBC|Win32.ActiveCfg = Release English|Win32
		{A5C4630C-E440-4767-87CC-6B53905D260E}.Release English ODBC|Win32.Build.0 = Release English|Win32
		{A5C4630C-E440-4767-87CC-6B53905D260E}.Release English ODBC|x64.ActiveCfg = Release English|Win32
		{A5C4630C-E440-4767-87CC-6B53905D260E}.Release Global|Win32.ActiveCfg = Release Global|Win32
		{A5C4630C-E440-4767-87CC-6B53905D260E}.Release Global|Win32.Build.0 = Release Global|Win32
		{A5C4630C-E440-4767-87CC-6B53905D260E}.Release Global|x64.ActiveCfg = Release English|Win32
		{A5C4630C-E440-4767-87CC-6B53905D260E}.Release Japanese DLL|Win32.ActiveCfg = Release Japanese|Win32
		{A5C4630C-E440-4767-87CC-6B53905D260E}.Release Japanese DLL|Win32.Build.0 = Release Japanese|Win32
		{A5C4630C-E440-4767-87CC-6B53905D260E}.Release Japanese DLL|x64.ActiveCfg = Release Japanese|Win32
		{A5C4630C-E440-4767-87CC-6B53905D260E}.Release Japanese|Win32.ActiveCfg = Release Japanese|Win32
		{A5C4630C-E440-4767-87CC-6B53905D260E}.Release Japanese|Win32.Build.0 = Release Japanese|Win32
		{A5C4630C-E440-4767-87CC-6B53905D260E}.Release Japanese|x64.ActiveCfg = Release Japanese|Win32
		{A5C4630C-E440-4767-87CC-6B53905D260E}.Release MFC|Win32.ActiveCfg = Release|Win32
		{A5C4630C-E440-4767-87CC-6B53905D260E}.Release MFC|Win32.Build.0 = Release|Win32
		{A5C4630C-E440-4767-87CC-6B53905D260E}.Release MFC|x64.ActiveCfg = Release|Win32
		{A5C4630C-E440-4767-87CC-6B53905D260E}.Release MFC|x64.Build.0 = Release|Win32
		{A5C4630C-E440-4767-87CC-6B53905D260E}.Release MT|Win32.ActiveCfg = Release MT|Win32
		{A5C4630C-E440-4767-87CC-6B53905D260E}.Release MT|Win32.Build.0 = Release MT|Win32
		{A5C4630C-E440-4767-87CC-6B53905D260E}.Release MT|x64.ActiveCfg = Release MT|Win32
		{A5C4630C-E440-4767-87CC-6B53905D260E}.Release Taiwan|Win32.ActiveCfg = Release_Taiwan|Win32
		{A5C4630C-E440-4767-87CC-6B53905D260E}.Release Taiwan|Win32.Build.0 = Release_Taiwan|Win32
		{A5C4630C-E440-4767-87CC-6B53905D260E}.Release Taiwan|x64.ActiveCfg = Release Global|Win32
		{A5C4630C-E440-4767-87CC-6B53905D260E}.Release(Profile)|Win32.ActiveCfg = Release|Win32
		{A5C4630C-E440-4767-87CC-6B53905D260E}.Release(Profile)|Win32.Build.0 = Release|Win32
		{A5C4630C-E440-4767-87CC-6B53905D260E}.Release(Profile)|x64.ActiveCfg = Release Japanese|Win32
		{A5C4630C-E440-4767-87CC-6B53905D260E}.Release_GM Chinese|Win32.ActiveCfg = Release Chinese|Win32
		{A5C4630C-E440-4767-87CC-6B53905D260E}.Release_GM Chinese|Win32.Build.0 = Release Chinese|Win32
		{A5C4630C-E440-4767-87CC-6B53905D260E}.Release_GM Chinese|x64.ActiveCfg = Release EM64T Chinese|Win32
		{A5C4630C-E440-4767-87CC-6B53905D260E}.Release_GM English|Win32.ActiveCfg = Release English|Win32
		{A5C4630C-E440-4767-87CC-6B53905D260E}.Release_GM English|Win32.Build.0 = Release English|Win32
		{A5C4630C-E440-4767-87CC-6B53905D260E}.Release_GM English|x64.ActiveCfg = Release English|Win32
		{A5C4630C-E440-4767-87CC-6B53905D260E}.Release_GM English|x64.Build.0 = Release English|Win32
		{A5C4630C-E440-4767-87CC-6B53905D260E}.Release_GM Japanese|Win32.ActiveCfg = Release Japanese|Win32
		{A5C4630C-E440-4767-87CC-6B53905D260E}.Release_GM Japanese|Win32.Build.0 = Release Japanese|Win32
		{A5C4630C-E440-4767-87CC-6B53905D260E}.Release_GM Japanese|x64.ActiveCfg = Release English|Win32
		{A5C4630C-E440-4767-87CC-6B53905D260E}.Release_GM Japanese|x64.Build.0 = Release English|Win32
		{A5C4630C-E440-4767-87CC-6B53905D260E}.Release_GM|Win32.ActiveCfg = Release|Win32
		{A5C4630C-E440-4767-87CC-6B53905D260E}.Release_GM|Win32.Build.0 = Release|Win32
		{A5C4630C-E440-4767-87CC-6B53905D260E}.Release_GM|x64.ActiveCfg = Release|Win32
		{A5C4630C-E440-4767-87CC-6B53905D260E}.Release_GM|x64.Build.0 = Release|Win32
		{A5C4630C-E440-4767-87CC-6B53905D260E}.Release|Win32.ActiveCfg = Release|Win32
		{A5C4630C-E440-4767-87CC-6B53905D260E}.Release|Win32.Build.0 = Release|Win32
		{A5C4630C-E440-4767-87CC-6B53905D260E}.Release|x64.ActiveCfg = Release|Win32
		{1FBF53C3-9711-4BB9-A5C1-DB7E06A6301F}.Debug Chinese|Win32.ActiveCfg = Debug China|Win32
		{1FBF53C3-9711-4BB9-A5C1-DB7E06A6301F}.Debug Chinese|Win32.Build.0 = Debug China|Win32
		{1FBF53C3-9711-4BB9-A5C1-DB7E06A6301F}.Debug Chinese|x64.ActiveCfg = Debug|Win32
		{1FBF53C3-9711-4BB9-A5C1-DB7E06A6301F}.Debug Chinese|x64.Build.0 = Debug|Win32
		{1FBF53C3-9711-4BB9-A5C1-DB7E06A6301F}.Debug EM64T|Win32.ActiveCfg = Debug|Win32
		{1FBF53C3-9711-4BB9-A5C1-DB7E06A6301F}.Debug EM64T|Win32.Build.0 = Debug|Win32
		{1FBF53C3-9711-4BB9-A5C1-DB7E06A6301F}.Debug EM64T|x64.ActiveCfg = Debug|Win32
		{1FBF53C3-9711-4BB9-A5C1-DB7E06A6301F}.Debug EM64T|x64.Build.0 = Debug|Win32
		{1FBF53C3-9711-4BB9-A5C1-DB7E06A6301F}.Debug Export|Win32.ActiveCfg = Debug MFC|Win32
		{1FBF53C3-9711-4BB9-A5C1-DB7E06A6301F}.Debug Export|Win32.Build.0 = Debug MFC|Win32
		{1FBF53C3-9711-4BB9-A5C1-DB7E06A6301F}.Debug Export|x64.ActiveCfg = Debug MFC|Win32
		{1FBF53C3-9711-4BB9-A5C1-DB7E06A6301F}.Debug Export|x64.Build.0 = Debug MFC|Win32
		{1FBF53C3-9711-4BB9-A5C1-DB7E06A6301F}.Debug Global|Win32.ActiveCfg = Debug Global|Win32
		{1FBF53C3-9711-4BB9-A5C1-DB7E06A6301F}.Debug Global|Win32.Build.0 = Debug Global|Win32
		{1FBF53C3-9711-4BB9-A5C1-DB7E06A6301F}.Debug Global|x64.ActiveCfg = Debug|Win32
		{1FBF53C3-9711-4BB9-A5C1-DB7E06A6301F}.Debug Global|x64.Build.0 = Debug|Win32
		{1FBF53C3-9711-4BB9-A5C1-DB7E06A6301F}.Debug Japanese|Win32.ActiveCfg = Debug_Japan|Win32
		{1FBF53C3-9711-4BB9-A5C1-DB7E06A6301F}.Debug Japanese|Win32.Build.0 = Debug_Japan|Win32
		{1FBF53C3-9711-4BB9-A5C1-DB7E06A6301F}.Debug Japanese|x64.ActiveCfg = Debug|Win32
		{1FBF53C3-9711-4BB9-A5C1-DB7E06A6301F}.Debug MFC|Win32.ActiveCfg = Debug MFC|Win32
		{1FBF53C3-9711-4BB9-A5C1-DB7E06A6301F}.Debug MFC|Win32.Build.0 = Debug MFC|Win32
		{1FBF53C3-9711-4BB9-A5C1-DB7E06A6301F}.Debug MFC|x64.ActiveCfg = Debug MFC|Win32
		{1FBF53C3-9711-4BB9-A5C1-DB7E06A6301F}.Debug MFC|x64.Build.0 = Debug MFC|Win32
		{1FBF53C3-9711-4BB9-A5C1-DB7E06A6301F}.Debug ODBC|Win32.ActiveCfg = Debug|Win32
		{1FBF53C3-9711-4BB9-A5C1-DB7E06A6301F}.Debug ODBC|Win32.Build.0 = Debug|Win32
		{1FBF53C3-9711-4BB9-A5C1-DB7E06A6301F}.Debug ODBC|x64.ActiveCfg = Debug|Win32
		{1FBF53C3-9711-4BB9-A5C1-DB7E06A6301F}.Debug Taiwan|Win32.ActiveCfg = Debug Taiwan|Win32
		{1FBF53C3-9711-4BB9-A5C1-DB7E06A6301F}.Debug Taiwan|Win32.Build.0 = Debug Taiwan|Win32
		{1FBF53C3-9711-4BB9-A5C1-DB7E06A6301F}.Debug Taiwan|x64.ActiveCfg = Debug Taiwan|Win32
		{1FBF53C3-9711-4BB9-A5C1-DB7E06A6301F}.Debug(Profile)|Win32.ActiveCfg = Debug(Profile)|Win32
		{1FBF53C3-9711-4BB9-A5C1-DB7E06A6301F}.Debug(Profile)|Win32.Build.0 = Debug(Profile)|Win32
		{1FBF53C3-9711-4BB9-A5C1-DB7E06A6301F}.Debug(Profile)|x64.ActiveCfg = Debug(Profile)|Win32
		{1FBF53C3-9711-4BB9-A5C1-DB7E06A6301F}.Debug(Profile)|x64.Build.0 = Debug(Profile)|Win32
		{1FBF53C3-9711-4BB9-A5C1-DB7E06A6301F}.Debug_GM Chinese|Win32.ActiveCfg = Debug_GM|Win32
		{1FBF53C3-9711-4BB9-A5C1-DB7E06A6301F}.Debug_GM Chinese|Win32.Build.0 = Debug_GM|Win32
		{1FBF53C3-9711-4BB9-A5C1-DB7E06A6301F}.Debug_GM Chinese|x64.ActiveCfg = Debug|Win32
		{1FBF53C3-9711-4BB9-A5C1-DB7E06A6301F}.Debug_GM Chinese|x64.Build.0 = Debug|Win32
		{1FBF53C3-9711-4BB9-A5C1-DB7E06A6301F}.Debug_GM English|Win32.ActiveCfg = Debug_GM|Win32
		{1FBF53C3-9711-4BB9-A5C1-DB7E06A6301F}.Debug_GM English|Win32.Build.0 = Debug_GM|Win32
		{1FBF53C3-9711-4BB9-A5C1-DB7E06A6301F}.Debug_GM English|x64.ActiveCfg = Debug_GM|Win32
		{1FBF53C3-9711-4BB9-A5C1-DB7E06A6301F}.Debug_GM English|x64.Build.0 = Debug_GM|Win32
		{1FBF53C3-9711-4BB9-A5C1-DB7E06A6301F}.Debug_GM|Win32.ActiveCfg = Debug_GM|Win32
		{1FBF53C3-9711-4BB9-A5C1-DB7E06A6301F}.Debug_GM|Win32.Build.0 = Debug_GM|Win32
		{1FBF53C3-9711-4BB9-A5C1-DB7E06A6301F}.Debug_GM|x64.ActiveCfg = Debug_GM|Win32
		{1FBF53C3-9711-4BB9-A5C1-DB7E06A6301F}.Debug_GM|x64.Build.0 = Debug_GM|Win32
		{1FBF53C3-9711-4BB9-A5C1-DB7E06A6301F}.Debug|Win32.ActiveCfg = Debug|Win32
		{1FBF53C3-9711-4BB9-A5C1-DB7E06A6301F}.Debug|Win32.Build.0 = Debug|Win32
		{1FBF53C3-9711-4BB9-A5C1-DB7E06A6301F}.Debug|x64.ActiveCfg = Debug|Win32
		{1FBF53C3-9711-4BB9-A5C1-DB7E06A6301F}.Debug|x64.Build.0 = Debug|Win32
		{1FBF53C3-9711-4BB9-A5C1-DB7E06A6301F}.Release Chinese|Win32.ActiveCfg = Release China|Win32
		{1FBF53C3-9711-4BB9-A5C1-DB7E06A6301F}.Release Chinese|Win32.Build.0 = Release China|Win32
		{1FBF53C3-9711-4BB9-A5C1-DB7E06A6301F}.Release Chinese|x64.ActiveCfg = Release|Win32
		{1FBF53C3-9711-4BB9-A5C1-DB7E06A6301F}.Release Chinese|x64.Build.0 = Release|Win32
		{1FBF53C3-9711-4BB9-A5C1-DB7E06A6301F}.Release EM64T Chinese|Win32.ActiveCfg = Release|Win32
		{1FBF53C3-9711-4BB9-A5C1-DB7E06A6301F}.Release EM64T Chinese|Win32.Build.0 = Release|Win32
		{1FBF53C3-9711-4BB9-A5C1-DB7E06A6301F}.Release EM64T Chinese|x64.ActiveCfg = Release|Win32
		{1FBF53C3-9711-4BB9-A5C1-DB7E06A6301F}.Release EM64T Chinese|x64.Build.0 = Release|Win32
		{1FBF53C3-9711-4BB9-A5C1-DB7E06A6301F}.Release EM64T|Win32.ActiveCfg = Release|Win32
		{1FBF53C3-9711-4BB9-A5C1-DB7E06A6301F}.Release EM64T|Win32.Build.0 = Release|Win32
		{1FBF53C3-9711-4BB9-A5C1-DB7E06A6301F}.Release EM64T|x64.ActiveCfg = Release|Win32
		{1FBF53C3-9711-4BB9-A5C1-DB7E06A6301F}.Release EM64T|x64.Build.0 = Release|Win32
		{1FBF53C3-9711-4BB9-A5C1-DB7E06A6301F}.Release English ODBC|Win32.ActiveCfg = Release|Win32
		{1FBF53C3-9711-4BB9-A5C1-DB7E06A6301F}.Release English ODBC|Win32.Build.0 = Release|Win32
		{1FBF53C3-9711-4BB9-A5C1-DB7E06A6301F}.Release English ODBC|x64.ActiveCfg = Release MFC|Win32
		{1FBF53C3-9711-4BB9-A5C1-DB7E06A6301F}.Release Global|Win32.ActiveCfg = Release Global|Win32
		{1FBF53C3-9711-4BB9-A5C1-DB7E06A6301F}.Release Global|Win32.Build.0 = Release Global|Win32
		{1FBF53C3-9711-4BB9-A5C1-DB7E06A6301F}.Release Global|x64.ActiveCfg = Release MFC|Win32
		{1FBF53C3-9711-4BB9-A5C1-DB7E06A6301F}.Release Japanese DLL|Win32.ActiveCfg = Release MFC|Win32
		{1FBF53C3-9711-4BB9-A5C1-DB7E06A6301F}.Release Japanese DLL|Win32.Build.0 = Release MFC|Win32
		{1FBF53C3-9711-4BB9-A5C1-DB7E06A6301F}.Release Japanese DLL|x64.ActiveCfg = Release MFC|Win32
		{1FBF53C3-9711-4BB9-A5C1-DB7E06A6301F}.Release Japanese|Win32.ActiveCfg = Release_Japan|Win32
		{1FBF53C3-9711-4BB9-A5C1-DB7E06A6301F}.Release Japanese|Win32.Build.0 = Release_Japan|Win32
		{1FBF53C3-9711-4BB9-A5C1-DB7E06A6301F}.Release Japanese|x64.ActiveCfg = Release|Win32
		{1FBF53C3-9711-4BB9-A5C1-DB7E06A6301F}.Release MFC|Win32.ActiveCfg = Release MFC|Win32
		{1FBF53C3-9711-4BB9-A5C1-DB7E06A6301F}.Release MFC|Win32.Build.0 = Release MFC|Win32
		{1FBF53C3-9711-4BB9-A5C1-DB7E06A6301F}.Release MFC|x64.ActiveCfg = Release MFC|Win32
		{1FBF53C3-9711-4BB9-A5C1-DB7E06A6301F}.Release MFC|x64.Build.0 = Release MFC|Win32
		{1FBF53C3-9711-4BB9-A5C1-DB7E06A6301F}.Release MT|Win32.ActiveCfg = Release MFC|Win32
		{1FBF53C3-9711-4BB9-A5C1-DB7E06A6301F}.Release MT|x64.ActiveCfg = Release MFC|Win32
		{1FBF53C3-9711-4BB9-A5C1-DB7E06A6301F}.Release Taiwan|Win32.ActiveCfg = Release Taiwan|Win32
		{1FBF53C3-9711-4BB9-A5C1-DB7E06A6301F}.Release Taiwan|Win32.Build.0 = Release Taiwan|Win32
		{1FBF53C3-9711-4BB9-A5C1-DB7E06A6301F}.Release Taiwan|x64.ActiveCfg = Release Taiwan|Win32
		{1FBF53C3-9711-4BB9-A5C1-DB7E06A6301F}.Release(Profile)|Win32.ActiveCfg = Release(Profile)|Win32
		{1FBF53C3-9711-4BB9-A5C1-DB7E06A6301F}.Release(Profile)|Win32.Build.0 = Release(Profile)|Win32
		{1FBF53C3-9711-4BB9-A5C1-DB7E06A6301F}.Release(Profile)|x64.ActiveCfg = Release(Profile)|Win32
		{1FBF53C3-9711-4BB9-A5C1-DB7E06A6301F}.Release(Profile)|x64.Build.0 = Release(Profile)|Win32
		{1FBF53C3-9711-4BB9-A5C1-DB7E06A6301F}.Release_GM Chinese|Win32.ActiveCfg = Release_GM|Win32
		{1FBF53C3-9711-4BB9-A5C1-DB7E06A6301F}.Release_GM Chinese|Win32.Build.0 = Release_GM|Win32
		{1FBF53C3-9711-4BB9-A5C1-DB7E06A6301F}.Release_GM Chinese|x64.ActiveCfg = Release_GM|Win32
		{1FBF53C3-9711-4BB9-A5C1-DB7E06A6301F}.Release_GM Chinese|x64.Build.0 = Release_GM|Win32
		{1FBF53C3-9711-4BB9-A5C1-DB7E06A6301F}.Release_GM English|Win32.ActiveCfg = Release_GM|Win32
		{1FBF53C3-9711-4BB9-A5C1-DB7E06A6301F}.Release_GM English|Win32.Build.0 = Release_GM|Win32
		{1FBF53C3-9711-4BB9-A5C1-DB7E06A6301F}.Release_GM English|x64.ActiveCfg = Release_GM|Win32
		{1FBF53C3-9711-4BB9-A5C1-DB7E06A6301F}.Release_GM English|x64.Build.0 = Release_GM|Win32
		{1FBF53C3-9711-4BB9-A5C1-DB7E06A6301F}.Release_GM Japanese|Win32.ActiveCfg = Release_GM|Win32
		{1FBF53C3-9711-4BB9-A5C1-DB7E06A6301F}.Release_GM Japanese|Win32.Build.0 = Release_GM|Win32
		{1FBF53C3-9711-4BB9-A5C1-DB7E06A6301F}.Release_GM Japanese|x64.ActiveCfg = Release_GM|Win32
		{1FBF53C3-9711-4BB9-A5C1-DB7E06A6301F}.Release_GM Japanese|x64.Build.0 = Release_GM|Win32
		{1FBF53C3-9711-4BB9-A5C1-DB7E06A6301F}.Release_GM|Win32.ActiveCfg = Release_GM|Win32
		{1FBF53C3-9711-4BB9-A5C1-DB7E06A6301F}.Release_GM|Win32.Build.0 = Release_GM|Win32
		{1FBF53C3-9711-4BB9-A5C1-DB7E06A6301F}.Release_GM|x64.ActiveCfg = Release_GM|Win32
		{1FBF53C3-9711-4BB9-A5C1-DB7E06A6301F}.Release_GM|x64.Build.0 = Release_GM|Win32
		{1FBF53C3-9711-4BB9-A5C1-DB7E06A6301F}.Release|Win32.ActiveCfg = Release|Win32
		{1FBF53C3-9711-4BB9-A5C1-DB7E06A6301F}.Release|Win32.Build.0 = Release|Win32
		{1FBF53C3-9711-4BB9-A5C1-DB7E06A6301F}.Release|x64.ActiveCfg = Release|Win32
		{1FBF53C3-9711-4BB9-A5C1-DB7E06A6301F}.Release|x64.Build.0 = Release|Win32
		{2F8BA859-AA7F-4547-A8B6-5858B0C2B9C8}.Debug Chinese|Win32.ActiveCfg = Debug Chinese|Win32
		{2F8BA859-AA7F-4547-A8B6-5858B0C2B9C8}.Debug Chinese|Win32.Build.0 = Debug Chinese|Win32
		{2F8BA859-AA7F-4547-A8B6-5858B0C2B9C8}.Debug Chinese|x64.ActiveCfg = Debug Chinese|Win32
		{2F8BA859-AA7F-4547-A8B6-5858B0C2B9C8}.Debug Chinese|x64.Build.0 = Debug Chinese|Win32
		{2F8BA859-AA7F-4547-A8B6-5858B0C2B9C8}.Debug EM64T|Win32.ActiveCfg = Debug|Win32
		{2F8BA859-AA7F-4547-A8B6-5858B0C2B9C8}.Debug EM64T|Win32.Build.0 = Debug|Win32
		{2F8BA859-AA7F-4547-A8B6-5858B0C2B9C8}.Debug EM64T|x64.ActiveCfg = Debug|Win32
		{2F8BA859-AA7F-4547-A8B6-5858B0C2B9C8}.Debug EM64T|x64.Build.0 = Debug|Win32
		{2F8BA859-AA7F-4547-A8B6-5858B0C2B9C8}.Debug Export|Win32.ActiveCfg = Debug|Win32
		{2F8BA859-AA7F-4547-A8B6-5858B0C2B9C8}.Debug Export|Win32.Build.0 = Debug|Win32
		{2F8BA859-AA7F-4547-A8B6-5858B0C2B9C8}.Debug Export|x64.ActiveCfg = Debug|Win32
		{2F8BA859-AA7F-4547-A8B6-5858B0C2B9C8}.Debug Export|x64.Build.0 = Debug|Win32
		{2F8BA859-AA7F-4547-A8B6-5858B0C2B9C8}.Debug Global|Win32.ActiveCfg = Debug Global|Win32
		{2F8BA859-AA7F-4547-A8B6-5858B0C2B9C8}.Debug Global|Win32.Build.0 = Debug Global|Win32
		{2F8BA859-AA7F-4547-A8B6-5858B0C2B9C8}.Debug Global|x64.ActiveCfg = Debug|Win32
		{2F8BA859-AA7F-4547-A8B6-5858B0C2B9C8}.Debug Global|x64.Build.0 = Debug|Win32
		{2F8BA859-AA7F-4547-A8B6-5858B0C2B9C8}.Debug Japanese|Win32.ActiveCfg = Debug Japanese|Win32
		{2F8BA859-AA7F-4547-A8B6-5858B0C2B9C8}.Debug Japanese|Win32.Build.0 = Debug Japanese|Win32
		{2F8BA859-AA7F-4547-A8B6-5858B0C2B9C8}.Debug Japanese|x64.ActiveCfg = Debug Japanese|Win32
		{2F8BA859-AA7F-4547-A8B6-5858B0C2B9C8}.Debug MFC|Win32.ActiveCfg = Debug|Win32
		{2F8BA859-AA7F-4547-A8B6-5858B0C2B9C8}.Debug MFC|Win32.Build.0 = Debug|Win32
		{2F8BA859-AA7F-4547-A8B6-5858B0C2B9C8}.Debug MFC|x64.ActiveCfg = Debug|Win32
		{2F8BA859-AA7F-4547-A8B6-5858B0C2B9C8}.Debug MFC|x64.Build.0 = Debug|Win32
		{2F8BA859-AA7F-4547-A8B6-5858B0C2B9C8}.Debug ODBC|Win32.ActiveCfg = Debug|Win32
		{2F8BA859-AA7F-4547-A8B6-5858B0C2B9C8}.Debug ODBC|Win32.Build.0 = Debug|Win32
		{2F8BA859-AA7F-4547-A8B6-5858B0C2B9C8}.Debug ODBC|x64.ActiveCfg = Debug|Win32
		{2F8BA859-AA7F-4547-A8B6-5858B0C2B9C8}.Debug Taiwan|Win32.ActiveCfg = Debug Taiwan|Win32
		{2F8BA859-AA7F-4547-A8B6-5858B0C2B9C8}.Debug Taiwan|Win32.Build.0 = Debug Taiwan|Win32
		{2F8BA859-AA7F-4547-A8B6-5858B0C2B9C8}.Debug Taiwan|x64.ActiveCfg = Debug Taiwan|Win32
		{2F8BA859-AA7F-4547-A8B6-5858B0C2B9C8}.Debug(Profile)|Win32.ActiveCfg = Debug(Profile)|Win32
		{2F8BA859-AA7F-4547-A8B6-5858B0C2B9C8}.Debug(Profile)|Win32.Build.0 = Debug(Profile)|Win32
		{2F8BA859-AA7F-4547-A8B6-5858B0C2B9C8}.Debug(Profile)|x64.ActiveCfg = Debug(Profile)|Win32
		{2F8BA859-AA7F-4547-A8B6-5858B0C2B9C8}.Debug(Profile)|x64.Build.0 = Debug(Profile)|Win32
		{2F8BA859-AA7F-4547-A8B6-5858B0C2B9C8}.Debug_GM Chinese|Win32.ActiveCfg = Debug_GM Chinese|Win32
		{2F8BA859-AA7F-4547-A8B6-5858B0C2B9C8}.Debug_GM Chinese|Win32.Build.0 = Debug_GM Chinese|Win32
		{2F8BA859-AA7F-4547-A8B6-5858B0C2B9C8}.Debug_GM Chinese|x64.ActiveCfg = Debug Chinese|Win32
		{2F8BA859-AA7F-4547-A8B6-5858B0C2B9C8}.Debug_GM Chinese|x64.Build.0 = Debug Chinese|Win32
		{2F8BA859-AA7F-4547-A8B6-5858B0C2B9C8}.Debug_GM English|Win32.ActiveCfg = Debug_GM|Win32
		{2F8BA859-AA7F-4547-A8B6-5858B0C2B9C8}.Debug_GM English|Win32.Build.0 = Debug_GM|Win32
		{2F8BA859-AA7F-4547-A8B6-5858B0C2B9C8}.Debug_GM English|x64.ActiveCfg = Debug_GM|Win32
		{2F8BA859-AA7F-4547-A8B6-5858B0C2B9C8}.Debug_GM English|x64.Build.0 = Debug_GM|Win32
		{2F8BA859-AA7F-4547-A8B6-5858B0C2B9C8}.Debug_GM|Win32.ActiveCfg = Debug_GM|Win32
		{2F8BA859-AA7F-4547-A8B6-5858B0C2B9C8}.Debug_GM|Win32.Build.0 = Debug_GM|Win32
		{2F8BA859-AA7F-4547-A8B6-5858B0C2B9C8}.Debug_GM|x64.ActiveCfg = Debug_GM|Win32
		{2F8BA859-AA7F-4547-A8B6-5858B0C2B9C8}.Debug_GM|x64.Build.0 = Debug_GM|Win32
		{2F8BA859-AA7F-4547-A8B6-5858B0C2B9C8}.Debug|Win32.ActiveCfg = Debug|Win32
		{2F8BA859-AA7F-4547-A8B6-5858B0C2B9C8}.Debug|Win32.Build.0 = Debug|Win32
		{2F8BA859-AA7F-4547-A8B6-5858B0C2B9C8}.Debug|x64.ActiveCfg = Debug|Win32
		{2F8BA859-AA7F-4547-A8B6-5858B0C2B9C8}.Debug|x64.Build.0 = Debug|Win32
		{2F8BA859-AA7F-4547-A8B6-5858B0C2B9C8}.Release Chinese|Win32.ActiveCfg = Release Chinese|Win32
		{2F8BA859-AA7F-4547-A8B6-5858B0C2B9C8}.Release Chinese|Win32.Build.0 = Release Chinese|Win32
		{2F8BA859-AA7F-4547-A8B6-5858B0C2B9C8}.Release Chinese|x64.ActiveCfg = Release|Win32
		{2F8BA859-AA7F-4547-A8B6-5858B0C2B9C8}.Release Chinese|x64.Build.0 = Release|Win32
		{2F8BA859-AA7F-4547-A8B6-5858B0C2B9C8}.Release EM64T Chinese|Win32.ActiveCfg = Release|Win32
		{2F8BA859-AA7F-4547-A8B6-5858B0C2B9C8}.Release EM64T Chinese|Win32.Build.0 = Release|Win32
		{2F8BA859-AA7F-4547-A8B6-5858B0C2B9C8}.Release EM64T Chinese|x64.ActiveCfg = Release|Win32
		{2F8BA859-AA7F-4547-A8B6-5858B0C2B9C8}.Release EM64T Chinese|x64.Build.0 = Release|Win32
		{2F8BA859-AA7F-4547-A8B6-5858B0C2B9C8}.Release EM64T|Win32.ActiveCfg = Release|Win32
		{2F8BA859-AA7F-4547-A8B6-5858B0C2B9C8}.Release EM64T|Win32.Build.0 = Release|Win32
		{2F8BA859-AA7F-4547-A8B6-5858B0C2B9C8}.Release EM64T|x64.ActiveCfg = Release|Win32
		{2F8BA859-AA7F-4547-A8B6-5858B0C2B9C8}.Release EM64T|x64.Build.0 = Release|Win32
		{2F8BA859-AA7F-4547-A8B6-5858B0C2B9C8}.Release English ODBC|Win32.ActiveCfg = Release|Win32
		{2F8BA859-AA7F-4547-A8B6-5858B0C2B9C8}.Release English ODBC|Win32.Build.0 = Release|Win32
		{2F8BA859-AA7F-4547-A8B6-5858B0C2B9C8}.Release English ODBC|x64.ActiveCfg = Release(Profile)|Win32
		{2F8BA859-AA7F-4547-A8B6-5858B0C2B9C8}.Release Global|Win32.ActiveCfg = Release Global|Win32
		{2F8BA859-AA7F-4547-A8B6-5858B0C2B9C8}.Release Global|Win32.Build.0 = Release Global|Win32
		{2F8BA859-AA7F-4547-A8B6-5858B0C2B9C8}.Release Global|x64.ActiveCfg = Release(Profile)|Win32
		{2F8BA859-AA7F-4547-A8B6-5858B0C2B9C8}.Release Japanese DLL|Win32.ActiveCfg = Release Japanese|Win32
		{2F8BA859-AA7F-4547-A8B6-5858B0C2B9C8}.Release Japanese DLL|Win32.Build.0 = Release Japanese|Win32
		{2F8BA859-AA7F-4547-A8B6-5858B0C2B9C8}.Release Japanese DLL|x64.ActiveCfg = Release Japanese|Win32
		{2F8BA859-AA7F-4547-A8B6-5858B0C2B9C8}.Release Japanese|Win32.ActiveCfg = Release Japanese|Win32
		{2F8BA859-AA7F-4547-A8B6-5858B0C2B9C8}.Release Japanese|Win32.Build.0 = Release Japanese|Win32
		{2F8BA859-AA7F-4547-A8B6-5858B0C2B9C8}.Release Japanese|x64.ActiveCfg = Release|Win32
		{2F8BA859-AA7F-4547-A8B6-5858B0C2B9C8}.Release MFC|Win32.ActiveCfg = Release|Win32
		{2F8BA859-AA7F-4547-A8B6-5858B0C2B9C8}.Release MFC|Win32.Build.0 = Release|Win32
		{2F8BA859-AA7F-4547-A8B6-5858B0C2B9C8}.Release MFC|x64.ActiveCfg = Release|Win32
		{2F8BA859-AA7F-4547-A8B6-5858B0C2B9C8}.Release MFC|x64.Build.0 = Release|Win32
		{2F8BA859-AA7F-4547-A8B6-5858B0C2B9C8}.Release MT|Win32.ActiveCfg = Release(Profile)|Win32
		{2F8BA859-AA7F-4547-A8B6-5858B0C2B9C8}.Release MT|Win32.Build.0 = Release(Profile)|Win32
		{2F8BA859-AA7F-4547-A8B6-5858B0C2B9C8}.Release MT|x64.ActiveCfg = Release(Profile)|Win32
		{2F8BA859-AA7F-4547-A8B6-5858B0C2B9C8}.Release Taiwan|Win32.ActiveCfg = Release Taiwan|Win32
		{2F8BA859-AA7F-4547-A8B6-5858B0C2B9C8}.Release Taiwan|Win32.Build.0 = Release Taiwan|Win32
		{2F8BA859-AA7F-4547-A8B6-5858B0C2B9C8}.Release Taiwan|x64.ActiveCfg = Release Taiwan|Win32
		{2F8BA859-AA7F-4547-A8B6-5858B0C2B9C8}.Release(Profile)|Win32.ActiveCfg = Release(Profile)|Win32
		{2F8BA859-AA7F-4547-A8B6-5858B0C2B9C8}.Release(Profile)|Win32.Build.0 = Release(Profile)|Win32
		{2F8BA859-AA7F-4547-A8B6-5858B0C2B9C8}.Release(Profile)|x64.ActiveCfg = Release(Profile)|Win32
		{2F8BA859-AA7F-4547-A8B6-5858B0C2B9C8}.Release(Profile)|x64.Build.0 = Release(Profile)|Win32
		{2F8BA859-AA7F-4547-A8B6-5858B0C2B9C8}.Release_GM Chinese|Win32.ActiveCfg = Release_GM Chinese|Win32
		{2F8BA859-AA7F-4547-A8B6-5858B0C2B9C8}.Release_GM Chinese|Win32.Build.0 = Release_GM Chinese|Win32
		{2F8BA859-AA7F-4547-A8B6-5858B0C2B9C8}.Release_GM Chinese|x64.ActiveCfg = Release_GM|Win32
		{2F8BA859-AA7F-4547-A8B6-5858B0C2B9C8}.Release_GM Chinese|x64.Build.0 = Release_GM|Win32
		{2F8BA859-AA7F-4547-A8B6-5858B0C2B9C8}.Release_GM English|Win32.ActiveCfg = Release_GM|Win32
		{2F8BA859-AA7F-4547-A8B6-5858B0C2B9C8}.Release_GM English|Win32.Build.0 = Release_GM|Win32
		{2F8BA859-AA7F-4547-A8B6-5858B0C2B9C8}.Release_GM English|x64.ActiveCfg = Release_GM|Win32
		{2F8BA859-AA7F-4547-A8B6-5858B0C2B9C8}.Release_GM English|x64.Build.0 = Release_GM|Win32
		{2F8BA859-AA7F-4547-A8B6-5858B0C2B9C8}.Release_GM Japanese|Win32.ActiveCfg = Release_GM Chinese|Win32
		{2F8BA859-AA7F-4547-A8B6-5858B0C2B9C8}.Release_GM Japanese|Win32.Build.0 = Release_GM Chinese|Win32
		{2F8BA859-AA7F-4547-A8B6-5858B0C2B9C8}.Release_GM Japanese|x64.ActiveCfg = Release_GM|Win32
		{2F8BA859-AA7F-4547-A8B6-5858B0C2B9C8}.Release_GM Japanese|x64.Build.0 = Release_GM|Win32
		{2F8BA859-AA7F-4547-A8B6-5858B0C2B9C8}.Release_GM|Win32.ActiveCfg = Release_GM|Win32
		{2F8BA859-AA7F-4547-A8B6-5858B0C2B9C8}.Release_GM|Win32.Build.0 = Release_GM|Win32
		{2F8BA859-AA7F-4547-A8B6-5858B0C2B9C8}.Release_GM|x64.ActiveCfg = Release_GM|Win32
		{2F8BA859-AA7F-4547-A8B6-5858B0C2B9C8}.Release_GM|x64.Build.0 = Release_GM|Win32
		{2F8BA859-AA7F-4547-A8B6-5858B0C2B9C8}.Release|Win32.ActiveCfg = Release|Win32
		{2F8BA859-AA7F-4547-A8B6-5858B0C2B9C8}.Release|Win32.Build.0 = Release|Win32
		{2F8BA859-AA7F-4547-A8B6-5858B0C2B9C8}.Release|x64.ActiveCfg = Release|Win32
		{2F8BA859-AA7F-4547-A8B6-5858B0C2B9C8}.Release|x64.Build.0 = Release|Win32
		{36A91199-763D-407B-AEE3-E4647285C783}.Debug Chinese|Win32.ActiveCfg = Debug|Win32
		{36A91199-763D-407B-AEE3-E4647285C783}.Debug Chinese|Win32.Build.0 = Debug|Win32
		{36A91199-763D-407B-AEE3-E4647285C783}.Debug Chinese|x64.ActiveCfg = Debug|Win32
		{36A91199-763D-407B-AEE3-E4647285C783}.Debug Chinese|x64.Build.0 = Debug|Win32
		{36A91199-763D-407B-AEE3-E4647285C783}.Debug EM64T|Win32.ActiveCfg = Debug|Win32
		{36A91199-763D-407B-AEE3-E4647285C783}.Debug EM64T|Win32.Build.0 = Debug|Win32
		{36A91199-763D-407B-AEE3-E4647285C783}.Debug EM64T|x64.ActiveCfg = Debug|Win32
		{36A91199-763D-407B-AEE3-E4647285C783}.Debug EM64T|x64.Build.0 = Debug|Win32
		{36A91199-763D-407B-AEE3-E4647285C783}.Debug Export|Win32.ActiveCfg = Debug|Win32
		{36A91199-763D-407B-AEE3-E4647285C783}.Debug Export|Win32.Build.0 = Debug|Win32
		{36A91199-763D-407B-AEE3-E4647285C783}.Debug Export|x64.ActiveCfg = Debug|Win32
		{36A91199-763D-407B-AEE3-E4647285C783}.Debug Export|x64.Build.0 = Debug|Win32
		{36A91199-763D-407B-AEE3-E4647285C783}.Debug Global|Win32.ActiveCfg = Debug|Win32
		{36A91199-763D-407B-AEE3-E4647285C783}.Debug Global|Win32.Build.0 = Debug|Win32
		{36A91199-763D-407B-AEE3-E4647285C783}.Debug Global|x64.ActiveCfg = Debug|Win32
		{36A91199-763D-407B-AEE3-E4647285C783}.Debug Global|x64.Build.0 = Debug|Win32
		{36A91199-763D-407B-AEE3-E4647285C783}.Debug Japanese|Win32.ActiveCfg = Debug|Win32
		{36A91199-763D-407B-AEE3-E4647285C783}.Debug Japanese|x64.ActiveCfg = Debug|Win32
		{36A91199-763D-407B-AEE3-E4647285C783}.Debug Japanese|x64.Build.0 = Debug|Win32
		{36A91199-763D-407B-AEE3-E4647285C783}.Debug MFC|Win32.ActiveCfg = Debug|Win32
		{36A91199-763D-407B-AEE3-E4647285C783}.Debug MFC|Win32.Build.0 = Debug|Win32
		{36A91199-763D-407B-AEE3-E4647285C783}.Debug MFC|x64.ActiveCfg = Debug|Win32
		{36A91199-763D-407B-AEE3-E4647285C783}.Debug MFC|x64.Build.0 = Debug|Win32
		{36A91199-763D-407B-AEE3-E4647285C783}.Debug ODBC|Win32.ActiveCfg = Debug|Win32
		{36A91199-763D-407B-AEE3-E4647285C783}.Debug ODBC|Win32.Build.0 = Debug|Win32
		{36A91199-763D-407B-AEE3-E4647285C783}.Debug ODBC|x64.ActiveCfg = Debug|Win32
		{36A91199-763D-407B-AEE3-E4647285C783}.Debug Taiwan|Win32.ActiveCfg = Debug|Win32
		{36A91199-763D-407B-AEE3-E4647285C783}.Debug Taiwan|Win32.Build.0 = Debug|Win32
		{36A91199-763D-407B-AEE3-E4647285C783}.Debug Taiwan|x64.ActiveCfg = Debug|Win32
		{36A91199-763D-407B-AEE3-E4647285C783}.Debug(Profile)|Win32.ActiveCfg = Debug|Win32
		{36A91199-763D-407B-AEE3-E4647285C783}.Debug(Profile)|Win32.Build.0 = Debug|Win32
		{36A91199-763D-407B-AEE3-E4647285C783}.Debug(Profile)|x64.ActiveCfg = Debug|Win32
		{36A91199-763D-407B-AEE3-E4647285C783}.Debug(Profile)|x64.Build.0 = Debug|Win32
		{36A91199-763D-407B-AEE3-E4647285C783}.Debug_GM Chinese|Win32.ActiveCfg = Debug|Win32
		{36A91199-763D-407B-AEE3-E4647285C783}.Debug_GM Chinese|Win32.Build.0 = Debug|Win32
		{36A91199-763D-407B-AEE3-E4647285C783}.Debug_GM Chinese|x64.ActiveCfg = Debug|Win32
		{36A91199-763D-407B-AEE3-E4647285C783}.Debug_GM Chinese|x64.Build.0 = Debug|Win32
		{36A91199-763D-407B-AEE3-E4647285C783}.Debug_GM English|Win32.ActiveCfg = Debug|Win32
		{36A91199-763D-407B-AEE3-E4647285C783}.Debug_GM English|Win32.Build.0 = Debug|Win32
		{36A91199-763D-407B-AEE3-E4647285C783}.Debug_GM English|x64.ActiveCfg = Debug|Win32
		{36A91199-763D-407B-AEE3-E4647285C783}.Debug_GM English|x64.Build.0 = Debug|Win32
		{36A91199-763D-407B-AEE3-E4647285C783}.Debug_GM|Win32.ActiveCfg = Debug|Win32
		{36A91199-763D-407B-AEE3-E4647285C783}.Debug_GM|Win32.Build.0 = Debug|Win32
		{36A91199-763D-407B-AEE3-E4647285C783}.Debug_GM|x64.ActiveCfg = Debug|Win32
		{36A91199-763D-407B-AEE3-E4647285C783}.Debug_GM|x64.Build.0 = Debug|Win32
		{36A91199-763D-407B-AEE3-E4647285C783}.Debug|Win32.ActiveCfg = Debug|Win32
		{36A91199-763D-407B-AEE3-E4647285C783}.Debug|Win32.Build.0 = Debug|Win32
		{36A91199-763D-407B-AEE3-E4647285C783}.Debug|x64.ActiveCfg = Debug|Win32
		{36A91199-763D-407B-AEE3-E4647285C783}.Debug|x64.Build.0 = Debug|Win32
		{36A91199-763D-407B-AEE3-E4647285C783}.Release Chinese|Win32.ActiveCfg = Release|Win32
		{36A91199-763D-407B-AEE3-E4647285C783}.Release Chinese|Win32.Build.0 = Release|Win32
		{36A91199-763D-407B-AEE3-E4647285C783}.Release Chinese|x64.ActiveCfg = Release|Win32
		{36A91199-763D-407B-AEE3-E4647285C783}.Release Chinese|x64.Build.0 = Release|Win32
		{36A91199-763D-407B-AEE3-E4647285C783}.Release EM64T Chinese|Win32.ActiveCfg = Release|Win32
		{36A91199-763D-407B-AEE3-E4647285C783}.Release EM64T Chinese|Win32.Build.0 = Release|Win32
		{36A91199-763D-407B-AEE3-E4647285C783}.Release EM64T Chinese|x64.ActiveCfg = Release|Win32
		{36A91199-763D-407B-AEE3-E4647285C783}.Release EM64T Chinese|x64.Build.0 = Release|Win32
		{36A91199-763D-407B-AEE3-E4647285C783}.Release EM64T|Win32.ActiveCfg = Release|Win32
		{36A91199-763D-407B-AEE3-E4647285C783}.Release EM64T|Win32.Build.0 = Release|Win32
		{36A91199-763D-407B-AEE3-E4647285C783}.Release EM64T|x64.ActiveCfg = Release|Win32
		{36A91199-763D-407B-AEE3-E4647285C783}.Release EM64T|x64.Build.0 = Release|Win32
		{36A91199-763D-407B-AEE3-E4647285C783}.Release English ODBC|Win32.ActiveCfg = Release|Win32
		{36A91199-763D-407B-AEE3-E4647285C783}.Release English ODBC|Win32.Build.0 = Release|Win32
		{36A91199-763D-407B-AEE3-E4647285C783}.Release English ODBC|x64.ActiveCfg = Release|Win32
		{36A91199-763D-407B-AEE3-E4647285C783}.Release Global|Win32.ActiveCfg = Release|Win32
		{36A91199-763D-407B-AEE3-E4647285C783}.Release Global|Win32.Build.0 = Release|Win32
		{36A91199-763D-407B-AEE3-E4647285C783}.Release Global|x64.ActiveCfg = Release|Win32
		{36A91199-763D-407B-AEE3-E4647285C783}.Release Japanese DLL|Win32.ActiveCfg = Release|Win32
		{36A91199-763D-407B-AEE3-E4647285C783}.Release Japanese DLL|Win32.Build.0 = Release|Win32
		{36A91199-763D-407B-AEE3-E4647285C783}.Release Japanese DLL|x64.ActiveCfg = Release|Win32
		{36A91199-763D-407B-AEE3-E4647285C783}.Release Japanese|Win32.ActiveCfg = Release|Win32
		{36A91199-763D-407B-AEE3-E4647285C783}.Release Japanese|x64.ActiveCfg = Release|Win32
		{36A91199-763D-407B-AEE3-E4647285C783}.Release MFC|Win32.ActiveCfg = Release|Win32
		{36A91199-763D-407B-AEE3-E4647285C783}.Release MFC|Win32.Build.0 = Release|Win32
		{36A91199-763D-407B-AEE3-E4647285C783}.Release MFC|x64.ActiveCfg = Release|Win32
		{36A91199-763D-407B-AEE3-E4647285C783}.Release MFC|x64.Build.0 = Release|Win32
		{36A91199-763D-407B-AEE3-E4647285C783}.Release MT|Win32.ActiveCfg = Release|Win32
		{36A91199-763D-407B-AEE3-E4647285C783}.Release MT|x64.ActiveCfg = Release|Win32
		{36A91199-763D-407B-AEE3-E4647285C783}.Release Taiwan|Win32.ActiveCfg = Release|Win32
		{36A91199-763D-407B-AEE3-E4647285C783}.Release Taiwan|Win32.Build.0 = Release|Win32
		{36A91199-763D-407B-AEE3-E4647285C783}.Release Taiwan|x64.ActiveCfg = Release|Win32
		{36A91199-763D-407B-AEE3-E4647285C783}.Release(Profile)|Win32.ActiveCfg = Release|Win32
		{36A91199-763D-407B-AEE3-E4647285C783}.Release(Profile)|Win32.Build.0 = Release|Win32
		{36A91199-763D-407B-AEE3-E4647285C783}.Release(Profile)|x64.ActiveCfg = Release|Win32
		{36A91199-763D-407B-AEE3-E4647285C783}.Release(Profile)|x64.Build.0 = Release|Win32
		{36A91199-763D-407B-AEE3-E4647285C783}.Release_GM Chinese|Win32.ActiveCfg = Release|Win32
		{36A91199-763D-407B-AEE3-E4647285C783}.Release_GM Chinese|Win32.Build.0 = Release|Win32
		{36A91199-763D-407B-AEE3-E4647285C783}.Release_GM Chinese|x64.ActiveCfg = Release|Win32
		{36A91199-763D-407B-AEE3-E4647285C783}.Release_GM Chinese|x64.Build.0 = Release|Win32
		{36A91199-763D-407B-AEE3-E4647285C783}.Release_GM English|Win32.ActiveCfg = Release|Win32
		{36A91199-763D-407B-AEE3-E4647285C783}.Release_GM English|Win32.Build.0 = Release|Win32
		{36A91199-763D-407B-AEE3-E4647285C783}.Release_GM English|x64.ActiveCfg = Release|Win32
		{36A91199-763D-407B-AEE3-E4647285C783}.Release_GM English|x64.Build.0 = Release|Win32
		{36A91199-763D-407B-AEE3-E4647285C783}.Release_GM Japanese|Win32.ActiveCfg = Release|Win32
		{36A91199-763D-407B-AEE3-E4647285C783}.Release_GM Japanese|Win32.Build.0 = Release|Win32
		{36A91199-763D-407B-AEE3-E4647285C783}.Release_GM Japanese|x64.ActiveCfg = Release|Win32
		{36A91199-763D-407B-AEE3-E4647285C783}.Release_GM Japanese|x64.Build.0 = Release|Win32
		{36A91199-763D-407B-AEE3-E4647285C783}.Release_GM|Win32.ActiveCfg = Release|Win32
		{36A91199-763D-407B-AEE3-E4647285C783}.Release_GM|Win32.Build.0 = Release|Win32
		{36A91199-763D-407B-AEE3-E4647285C783}.Release_GM|x64.ActiveCfg = Release|Win32
		{36A91199-763D-407B-AEE3-E4647285C783}.Release_GM|x64.Build.0 = Release|Win32
		{36A91199-763D-407B-AEE3-E4647285C783}.Release|Win32.ActiveCfg = Release|Win32
		{36A91199-763D-407B-AEE3-E4647285C783}.Release|Win32.Build.0 = Release|Win32
		{36A91199-763D-407B-AEE3-E4647285C783}.Release|x64.ActiveCfg = Release|Win32
		{36A91199-763D-407B-AEE3-E4647285C783}.Release|x64.Build.0 = Release|Win32
		{3E57A97A-4EAA-4A6A-966F-B23C2A1CF91D}.Debug Chinese|Win32.ActiveCfg = Debug Chinese|Win32
		{3E57A97A-4EAA-4A6A-966F-B23C2A1CF91D}.Debug Chinese|Win32.Build.0 = Debug Chinese|Win32
		{3E57A97A-4EAA-4A6A-966F-B23C2A1CF91D}.Debug Chinese|x64.ActiveCfg = Debug Chinese|Win32
		{3E57A97A-4EAA-4A6A-966F-B23C2A1CF91D}.Debug EM64T|Win32.ActiveCfg = Debug EM64T|Win32
		{3E57A97A-4EAA-4A6A-966F-B23C2A1CF91D}.Debug EM64T|Win32.Build.0 = Debug EM64T|Win32
		{3E57A97A-4EAA-4A6A-966F-B23C2A1CF91D}.Debug EM64T|x64.ActiveCfg = Debug EM64T|Win32
		{3E57A97A-4EAA-4A6A-966F-B23C2A1CF91D}.Debug Export|Win32.ActiveCfg = Debug EM64T|Win32
		{3E57A97A-4EAA-4A6A-966F-B23C2A1CF91D}.Debug Export|Win32.Build.0 = Debug EM64T|Win32
		{3E57A97A-4EAA-4A6A-966F-B23C2A1CF91D}.Debug Export|x64.ActiveCfg = Debug EM64T|Win32
		{3E57A97A-4EAA-4A6A-966F-B23C2A1CF91D}.Debug Global|Win32.ActiveCfg = Debug Global|Win32
		{3E57A97A-4EAA-4A6A-966F-B23C2A1CF91D}.Debug Global|Win32.Build.0 = Debug Global|Win32
		{3E57A97A-4EAA-4A6A-966F-B23C2A1CF91D}.Debug Global|x64.ActiveCfg = Debug EM64T|Win32
		{3E57A97A-4EAA-4A6A-966F-B23C2A1CF91D}.Debug Japanese|Win32.ActiveCfg = Debug Japanese|Win32
		{3E57A97A-4EAA-4A6A-966F-B23C2A1CF91D}.Debug Japanese|x64.ActiveCfg = Debug Japanese|Win32
		{3E57A97A-4EAA-4A6A-966F-B23C2A1CF91D}.Debug MFC|Win32.ActiveCfg = Debug Global|Win32
		{3E57A97A-4EAA-4A6A-966F-B23C2A1CF91D}.Debug MFC|Win32.Build.0 = Debug Global|Win32
		{3E57A97A-4EAA-4A6A-966F-B23C2A1CF91D}.Debug MFC|x64.ActiveCfg = Debug Global|Win32
		{3E57A97A-4EAA-4A6A-966F-B23C2A1CF91D}.Debug ODBC|Win32.ActiveCfg = Debug Global|Win32
		{3E57A97A-4EAA-4A6A-966F-B23C2A1CF91D}.Debug ODBC|Win32.Build.0 = Debug Global|Win32
		{3E57A97A-4EAA-4A6A-966F-B23C2A1CF91D}.Debug ODBC|x64.ActiveCfg = Debug Global|Win32
		{3E57A97A-4EAA-4A6A-966F-B23C2A1CF91D}.Debug Taiwan|Win32.ActiveCfg = Debug Taiwan|Win32
		{3E57A97A-4EAA-4A6A-966F-B23C2A1CF91D}.Debug Taiwan|x64.ActiveCfg = Debug Taiwan|Win32
		{3E57A97A-4EAA-4A6A-966F-B23C2A1CF91D}.Debug(Profile)|Win32.ActiveCfg = Debug Global|Win32
		{3E57A97A-4EAA-4A6A-966F-B23C2A1CF91D}.Debug(Profile)|Win32.Build.0 = Debug Global|Win32
		{3E57A97A-4EAA-4A6A-966F-B23C2A1CF91D}.Debug(Profile)|x64.ActiveCfg = Debug Global|Win32
		{3E57A97A-4EAA-4A6A-966F-B23C2A1CF91D}.Debug_GM Chinese|Win32.ActiveCfg = Debug Chinese|Win32
		{3E57A97A-4EAA-4A6A-966F-B23C2A1CF91D}.Debug_GM Chinese|Win32.Build.0 = Debug Chinese|Win32
		{3E57A97A-4EAA-4A6A-966F-B23C2A1CF91D}.Debug_GM Chinese|x64.ActiveCfg = Debug Global|Win32
		{3E57A97A-4EAA-4A6A-966F-B23C2A1CF91D}.Debug_GM English|Win32.ActiveCfg = Debug Global|Win32
		{3E57A97A-4EAA-4A6A-966F-B23C2A1CF91D}.Debug_GM English|Win32.Build.0 = Debug Global|Win32
		{3E57A97A-4EAA-4A6A-966F-B23C2A1CF91D}.Debug_GM English|x64.ActiveCfg = Debug Global|Win32
		{3E57A97A-4EAA-4A6A-966F-B23C2A1CF91D}.Debug_GM|Win32.ActiveCfg = Debug Global|Win32
		{3E57A97A-4EAA-4A6A-966F-B23C2A1CF91D}.Debug_GM|Win32.Build.0 = Debug Global|Win32
		{3E57A97A-4EAA-4A6A-966F-B23C2A1CF91D}.Debug_GM|x64.ActiveCfg = Debug Global|Win32
		{3E57A97A-4EAA-4A6A-966F-B23C2A1CF91D}.Debug|Win32.ActiveCfg = Debug|Win32
		{3E57A97A-4EAA-4A6A-966F-B23C2A1CF91D}.Debug|Win32.Build.0 = Debug|Win32
		{3E57A97A-4EAA-4A6A-966F-B23C2A1CF91D}.Debug|x64.ActiveCfg = Debug|Win32
		{3E57A97A-4EAA-4A6A-966F-B23C2A1CF91D}.Release Chinese|Win32.ActiveCfg = Release Chinese|Win32
		{3E57A97A-4EAA-4A6A-966F-B23C2A1CF91D}.Release Chinese|Win32.Build.0 = Release Chinese|Win32
		{3E57A97A-4EAA-4A6A-966F-B23C2A1CF91D}.Release Chinese|x64.ActiveCfg = Release Chinese|Win32
		{3E57A97A-4EAA-4A6A-966F-B23C2A1CF91D}.Release EM64T Chinese|Win32.ActiveCfg = Release EM64T Chinese|Win32
		{3E57A97A-4EAA-4A6A-966F-B23C2A1CF91D}.Release EM64T Chinese|Win32.Build.0 = Release EM64T Chinese|Win32
		{3E57A97A-4EAA-4A6A-966F-B23C2A1CF91D}.Release EM64T Chinese|x64.ActiveCfg = Release EM64T Chinese|Win32
		{3E57A97A-4EAA-4A6A-966F-B23C2A1CF91D}.Release EM64T|Win32.ActiveCfg = Release EM64T|Win32
		{3E57A97A-4EAA-4A6A-966F-B23C2A1CF91D}.Release EM64T|Win32.Build.0 = Release EM64T|Win32
		{3E57A97A-4EAA-4A6A-966F-B23C2A1CF91D}.Release EM64T|x64.ActiveCfg = Release EM64T|Win32
		{3E57A97A-4EAA-4A6A-966F-B23C2A1CF91D}.Release English ODBC|Win32.ActiveCfg = Release EM64T Chinese|Win32
		{3E57A97A-4EAA-4A6A-966F-B23C2A1CF91D}.Release English ODBC|Win32.Build.0 = Release EM64T Chinese|Win32
		{3E57A97A-4EAA-4A6A-966F-B23C2A1CF91D}.Release English ODBC|x64.ActiveCfg = Release EM64T Chinese|Win32
		{3E57A97A-4EAA-4A6A-966F-B23C2A1CF91D}.Release Global|Win32.ActiveCfg = Release Global|Win32
		{3E57A97A-4EAA-4A6A-966F-B23C2A1CF91D}.Release Global|Win32.Build.0 = Release Global|Win32
		{3E57A97A-4EAA-4A6A-966F-B23C2A1CF91D}.Release Global|x64.ActiveCfg = Release EM64T Chinese|Win32
		{3E57A97A-4EAA-4A6A-966F-B23C2A1CF91D}.Release Japanese DLL|Win32.ActiveCfg = Release Japanese|Win32
		{3E57A97A-4EAA-4A6A-966F-B23C2A1CF91D}.Release Japanese DLL|Win32.Build.0 = Release Japanese|Win32
		{3E57A97A-4EAA-4A6A-966F-B23C2A1CF91D}.Release Japanese DLL|x64.ActiveCfg = Release Japanese|Win32
		{3E57A97A-4EAA-4A6A-966F-B23C2A1CF91D}.Release Japanese|Win32.ActiveCfg = Release Japanese|Win32
		{3E57A97A-4EAA-4A6A-966F-B23C2A1CF91D}.Release Japanese|x64.ActiveCfg = Release Japanese|Win32
		{3E57A97A-4EAA-4A6A-966F-B23C2A1CF91D}.Release MFC|Win32.ActiveCfg = Release MT|Win32
		{3E57A97A-4EAA-4A6A-966F-B23C2A1CF91D}.Release MFC|Win32.Build.0 = Release MT|Win32
		{3E57A97A-4EAA-4A6A-966F-B23C2A1CF91D}.Release MFC|x64.ActiveCfg = Release MT|Win32
		{3E57A97A-4EAA-4A6A-966F-B23C2A1CF91D}.Release MT|Win32.ActiveCfg = Release MT|Win32
		{3E57A97A-4EAA-4A6A-966F-B23C2A1CF91D}.Release MT|Win32.Build.0 = Release MT|Win32
		{3E57A97A-4EAA-4A6A-966F-B23C2A1CF91D}.Release MT|x64.ActiveCfg = Release MT|Win32
		{3E57A97A-4EAA-4A6A-966F-B23C2A1CF91D}.Release Taiwan|Win32.ActiveCfg = Release Taiwan|Win32
		{3E57A97A-4EAA-4A6A-966F-B23C2A1CF91D}.Release Taiwan|Win32.Build.0 = Release Taiwan|Win32
		{3E57A97A-4EAA-4A6A-966F-B23C2A1CF91D}.Release Taiwan|x64.ActiveCfg = Release Taiwan|Win32
		{3E57A97A-4EAA-4A6A-966F-B23C2A1CF91D}.Release(Profile)|Win32.ActiveCfg = Release Japanese|Win32
		{3E57A97A-4EAA-4A6A-966F-B23C2A1CF91D}.Release(Profile)|Win32.Build.0 = Release Japanese|Win32
		{3E57A97A-4EAA-4A6A-966F-B23C2A1CF91D}.Release(Profile)|x64.ActiveCfg = Release Japanese|Win32
		{3E57A97A-4EAA-4A6A-966F-B23C2A1CF91D}.Release_GM Chinese|Win32.ActiveCfg = Release Chinese|Win32
		{3E57A97A-4EAA-4A6A-966F-B23C2A1CF91D}.Release_GM Chinese|Win32.Build.0 = Release Chinese|Win32
		{3E57A97A-4EAA-4A6A-966F-B23C2A1CF91D}.Release_GM Chinese|x64.ActiveCfg = Release Japanese|Win32
		{3E57A97A-4EAA-4A6A-966F-B23C2A1CF91D}.Release_GM English|Win32.ActiveCfg = Release Global|Win32
		{3E57A97A-4EAA-4A6A-966F-B23C2A1CF91D}.Release_GM English|Win32.Build.0 = Release Global|Win32
		{3E57A97A-4EAA-4A6A-966F-B23C2A1CF91D}.Release_GM English|x64.ActiveCfg = Release Japanese|Win32
		{3E57A97A-4EAA-4A6A-966F-B23C2A1CF91D}.Release_GM Japanese|Win32.ActiveCfg = Release|Win32
		{3E57A97A-4EAA-4A6A-966F-B23C2A1CF91D}.Release_GM Japanese|x64.ActiveCfg = Release Japanese|Win32
		{3E57A97A-4EAA-4A6A-966F-B23C2A1CF91D}.Release_GM|Win32.ActiveCfg = Release Japanese|Win32
		{3E57A97A-4EAA-4A6A-966F-B23C2A1CF91D}.Release_GM|Win32.Build.0 = Release Japanese|Win32
		{3E57A97A-4EAA-4A6A-966F-B23C2A1CF91D}.Release_GM|x64.ActiveCfg = Release Japanese|Win32
		{3E57A97A-4EAA-4A6A-966F-B23C2A1CF91D}.Release|Win32.ActiveCfg = Release|Win32
		{3E57A97A-4EAA-4A6A-966F-B23C2A1CF91D}.Release|Win32.Build.0 = Release|Win32
		{3E57A97A-4EAA-4A6A-966F-B23C2A1CF91D}.Release|x64.ActiveCfg = Release|Win32
		{D6385B8F-FBE2-42FF-9BDF-57701B466312}.Debug Chinese|Win32.ActiveCfg = Debug|Win32
		{D6385B8F-FBE2-42FF-9BDF-57701B466312}.Debug Chinese|Win32.Build.0 = Debug|Win32
		{D6385B8F-FBE2-42FF-9BDF-57701B466312}.Debug Chinese|x64.ActiveCfg = Debug|Win32
		{D6385B8F-FBE2-42FF-9BDF-57701B466312}.Debug EM64T|Win32.ActiveCfg = Debug|Win32
		{D6385B8F-FBE2-42FF-9BDF-57701B466312}.Debug EM64T|Win32.Build.0 = Debug|Win32
		{D6385B8F-FBE2-42FF-9BDF-57701B466312}.Debug EM64T|x64.ActiveCfg = Debug|Win32
		{D6385B8F-FBE2-42FF-9BDF-57701B466312}.Debug Export|Win32.ActiveCfg = Debug|Win32
		{D6385B8F-FBE2-42FF-9BDF-57701B466312}.Debug Export|Win32.Build.0 = Debug|Win32
		{D6385B8F-FBE2-42FF-9BDF-57701B466312}.Debug Export|x64.ActiveCfg = Debug|Win32
		{D6385B8F-FBE2-42FF-9BDF-57701B466312}.Debug Global|Win32.ActiveCfg = Debug|Win32
		{D6385B8F-FBE2-42FF-9BDF-57701B466312}.Debug Global|Win32.Build.0 = Debug|Win32
		{D6385B8F-FBE2-42FF-9BDF-57701B466312}.Debug Global|x64.ActiveCfg = Debug|Win32
		{D6385B8F-FBE2-42FF-9BDF-57701B466312}.Debug Japanese|Win32.ActiveCfg = Debug|Win32
		{D6385B8F-FBE2-42FF-9BDF-57701B466312}.Debug Japanese|Win32.Build.0 = Debug|Win32
		{D6385B8F-FBE2-42FF-9BDF-57701B466312}.Debug Japanese|x64.ActiveCfg = Debug|Win32
		{D6385B8F-FBE2-42FF-9BDF-57701B466312}.Debug MFC|Win32.ActiveCfg = Debug|Win32
		{D6385B8F-FBE2-42FF-9BDF-57701B466312}.Debug MFC|Win32.Build.0 = Debug|Win32
		{D6385B8F-FBE2-42FF-9BDF-57701B466312}.Debug MFC|x64.ActiveCfg = Debug|Win32
		{D6385B8F-FBE2-42FF-9BDF-57701B466312}.Debug ODBC|Win32.ActiveCfg = Debug|Win32
		{D6385B8F-FBE2-42FF-9BDF-57701B466312}.Debug ODBC|Win32.Build.0 = Debug|Win32
		{D6385B8F-FBE2-42FF-9BDF-57701B466312}.Debug ODBC|x64.ActiveCfg = Debug|Win32
		{D6385B8F-FBE2-42FF-9BDF-57701B466312}.Debug Taiwan|Win32.ActiveCfg = Debug|Win32
		{D6385B8F-FBE2-42FF-9BDF-57701B466312}.Debug Taiwan|Win32.Build.0 = Debug|Win32
		{D6385B8F-FBE2-42FF-9BDF-57701B466312}.Debug Taiwan|x64.ActiveCfg = Debug|Win32
		{D6385B8F-FBE2-42FF-9BDF-57701B466312}.Debug(Profile)|Win32.ActiveCfg = Debug|Win32
		{D6385B8F-FBE2-42FF-9BDF-57701B466312}.Debug(Profile)|Win32.Build.0 = Debug|Win32
		{D6385B8F-FBE2-42FF-9BDF-57701B466312}.Debug(Profile)|x64.ActiveCfg = Debug|Win32
		{D6385B8F-FBE2-42FF-9BDF-57701B466312}.Debug_GM Chinese|Win32.ActiveCfg = Debug|Win32
		{D6385B8F-FBE2-42FF-9BDF-57701B466312}.Debug_GM Chinese|Win32.Build.0 = Debug|Win32
		{D6385B8F-FBE2-42FF-9BDF-57701B466312}.Debug_GM Chinese|x64.ActiveCfg = Debug|Win32
		{D6385B8F-FBE2-42FF-9BDF-57701B466312}.Debug_GM English|Win32.ActiveCfg = Debug|Win32
		{D6385B8F-FBE2-42FF-9BDF-57701B466312}.Debug_GM English|Win32.Build.0 = Debug|Win32
		{D6385B8F-FBE2-42FF-9BDF-57701B466312}.Debug_GM English|x64.ActiveCfg = Debug|Win32
		{D6385B8F-FBE2-42FF-9BDF-57701B466312}.Debug_GM|Win32.ActiveCfg = Debug|Win32
		{D6385B8F-FBE2-42FF-9BDF-57701B466312}.Debug_GM|Win32.Build.0 = Debug|Win32
		{D6385B8F-FBE2-42FF-9BDF-57701B466312}.Debug_GM|x64.ActiveCfg = Debug|Win32
		{D6385B8F-FBE2-42FF-9BDF-57701B466312}.Debug|Win32.ActiveCfg = Debug|Win32
		{D6385B8F-FBE2-42FF-9BDF-57701B466312}.Debug|Win32.Build.0 = Debug|Win32
		{D6385B8F-FBE2-42FF-9BDF-57701B466312}.Debug|x64.ActiveCfg = Debug|Win32
		{D6385B8F-FBE2-42FF-9BDF-57701B466312}.Release Chinese|Win32.ActiveCfg = Release|Win32
		{D6385B8F-FBE2-42FF-9BDF-57701B466312}.Release Chinese|Win32.Build.0 = Release|Win32
		{D6385B8F-FBE2-42FF-9BDF-57701B466312}.Release Chinese|x64.ActiveCfg = Release|Win32
		{D6385B8F-FBE2-42FF-9BDF-57701B466312}.Release EM64T Chinese|Win32.ActiveCfg = Release|Win32
		{D6385B8F-FBE2-42FF-9BDF-57701B466312}.Release EM64T Chinese|Win32.Build.0 = Release|Win32
		{D6385B8F-FBE2-42FF-9BDF-57701B466312}.Release EM64T Chinese|x64.ActiveCfg = Release|Win32
		{D6385B8F-FBE2-42FF-9BDF-57701B466312}.Release EM64T|Win32.ActiveCfg = Release|Win32
		{D6385B8F-FBE2-42FF-9BDF-57701B466312}.Release EM64T|Win32.Build.0 = Release|Win32
		{D6385B8F-FBE2-42FF-9BDF-57701B466312}.Release EM64T|x64.ActiveCfg = Release|Win32
		{D6385B8F-FBE2-42FF-9BDF-57701B466312}.Release English ODBC|Win32.ActiveCfg = Release|Win32
		{D6385B8F-FBE2-42FF-9BDF-57701B466312}.Release English ODBC|Win32.Build.0 = Release|Win32
		{D6385B8F-FBE2-42FF-9BDF-57701B466312}.Release English ODBC|x64.ActiveCfg = Release|Win32
		{D6385B8F-FBE2-42FF-9BDF-57701B466312}.Release Global|Win32.ActiveCfg = Release|Win32
		{D6385B8F-FBE2-42FF-9BDF-57701B466312}.Release Global|Win32.Build.0 = Release|Win32
		{D6385B8F-FBE2-42FF-9BDF-57701B466312}.Release Global|x64.ActiveCfg = Release|Win32
		{D6385B8F-FBE2-42FF-9BDF-57701B466312}.Release Japanese DLL|Win32.ActiveCfg = Release|Win32
		{D6385B8F-FBE2-42FF-9BDF-57701B466312}.Release Japanese DLL|Win32.Build.0 = Release|Win32
		{D6385B8F-FBE2-42FF-9BDF-57701B466312}.Release Japanese DLL|x64.ActiveCfg = Release|Win32
		{D6385B8F-FBE2-42FF-9BDF-57701B466312}.Release Japanese|Win32.ActiveCfg = Release|Win32
		{D6385B8F-FBE2-42FF-9BDF-57701B466312}.Release Japanese|Win32.Build.0 = Release|Win32
		{D6385B8F-FBE2-42FF-9BDF-57701B466312}.Release Japanese|x64.ActiveCfg = Release|Win32
		{D6385B8F-FBE2-42FF-9BDF-57701B466312}.Release MFC|Win32.ActiveCfg = Release|Win32
		{D6385B8F-FBE2-42FF-9BDF-57701B466312}.Release MFC|Win32.Build.0 = Release|Win32
		{D6385B8F-FBE2-42FF-9BDF-57701B466312}.Release MFC|x64.ActiveCfg = Release|Win32
		{D6385B8F-FBE2-42FF-9BDF-57701B466312}.Release MT|Win32.ActiveCfg = Release|Win32
		{D6385B8F-FBE2-42FF-9BDF-57701B466312}.Release MT|Win32.Build.0 = Release|Win32
		{D6385B8F-FBE2-42FF-9BDF-57701B466312}.Release MT|x64.ActiveCfg = Release|Win32
		{D6385B8F-FBE2-42FF-9BDF-57701B466312}.Release Taiwan|Win32.ActiveCfg = Release|Win32
		{D6385B8F-FBE2-42FF-9BDF-57701B466312}.Release Taiwan|Win32.Build.0 = Release|Win32
		{D6385B8F-FBE2-42FF-9BDF-57701B466312}.Release Taiwan|x64.ActiveCfg = Release|Win32
		{D6385B8F-FBE2-42FF-9BDF-57701B466312}.Release(Profile)|Win32.ActiveCfg = Release|Win32
		{D6385B8F-FBE2-42FF-9BDF-57701B466312}.Release(Profile)|Win32.Build.0 = Release|Win32
		{D6385B8F-FBE2-42FF-9BDF-57701B466312}.Release(Profile)|x64.ActiveCfg = Release|Win32
		{D6385B8F-FBE2-42FF-9BDF-57701B466312}.Release_GM Chinese|Win32.ActiveCfg = Release|Win32
		{D6385B8F-FBE2-42FF-9BDF-57701B466312}.Release_GM Chinese|Win32.Build.0 = Release|Win32
		{D6385B8F-FBE2-42FF-9BDF-57701B466312}.Release_GM Chinese|x64.ActiveCfg = Release|Win32
		{D6385B8F-FBE2-42FF-9BDF-57701B466312}.Release_GM English|Win32.ActiveCfg = Release|Win32
		{D6385B8F-FBE2-42FF-9BDF-57701B466312}.Release_GM English|Win32.Build.0 = Release|Win32
		{D6385B8F-FBE2-42FF-9BDF-57701B466312}.Release_GM English|x64.ActiveCfg = Release|Win32
		{D6385B8F-FBE2-42FF-9BDF-57701B466312}.Release_GM Japanese|Win32.ActiveCfg = Release|Win32
		{D6385B8F-FBE2-42FF-9BDF-57701B466312}.Release_GM Japanese|Win32.Build.0 = Release|Win32
		{D6385B8F-FBE2-42FF-9BDF-57701B466312}.Release_GM Japanese|x64.ActiveCfg = Release|Win32
		{D6385B8F-FBE2-42FF-9BDF-57701B466312}.Release_GM|Win32.ActiveCfg = Release|Win32
		{D6385B8F-FBE2-42FF-9BDF-57701B466312}.Release_GM|Win32.Build.0 = Release|Win32
		{D6385B8F-FBE2-42FF-9BDF-57701B466312}.Release_GM|x64.ActiveCfg = Release|Win32
		{D6385B8F-FBE2-42FF-9BDF-57701B466312}.Release|Win32.ActiveCfg = Release|Win32
		{D6385B8F-FBE2-42FF-9BDF-57701B466312}.Release|Win32.Build.0 = Release|Win32
		{D6385B8F-FBE2-42FF-9BDF-57701B466312}.Release|x64.ActiveCfg = Release|Win32
		{89812756-7150-4A0C-B764-EF6AF3B96ACB}.Debug Chinese|Win32.ActiveCfg = Debug Chinese|Win32
		{89812756-7150-4A0C-B764-EF6AF3B96ACB}.Debug Chinese|Win32.Build.0 = Debug Chinese|Win32
		{89812756-7150-4A0C-B764-EF6AF3B96ACB}.Debug Chinese|x64.ActiveCfg = Debug Chinese|Win32
		{89812756-7150-4A0C-B764-EF6AF3B96ACB}.Debug EM64T|Win32.ActiveCfg = Debug English|Win32
		{89812756-7150-4A0C-B764-EF6AF3B96ACB}.Debug EM64T|Win32.Build.0 = Debug English|Win32
		{89812756-7150-4A0C-B764-EF6AF3B96ACB}.Debug EM64T|x64.ActiveCfg = Debug English|Win32
		{89812756-7150-4A0C-B764-EF6AF3B96ACB}.Debug Export|Win32.ActiveCfg = Debug English|Win32
		{89812756-7150-4A0C-B764-EF6AF3B96ACB}.Debug Export|Win32.Build.0 = Debug English|Win32
		{89812756-7150-4A0C-B764-EF6AF3B96ACB}.Debug Export|x64.ActiveCfg = Debug English|Win32
		{89812756-7150-4A0C-B764-EF6AF3B96ACB}.Debug Global|Win32.ActiveCfg = Debug Global|Win32
		{89812756-7150-4A0C-B764-EF6AF3B96ACB}.Debug Global|Win32.Build.0 = Debug Global|Win32
		{89812756-7150-4A0C-B764-EF6AF3B96ACB}.Debug Global|x64.ActiveCfg = Debug Japanese|Win32
		{89812756-7150-4A0C-B764-EF6AF3B96ACB}.Debug Japanese|Win32.ActiveCfg = Debug Japanese|Win32
		{89812756-7150-4A0C-B764-EF6AF3B96ACB}.Debug Japanese|Win32.Build.0 = Debug Japanese|Win32
		{89812756-7150-4A0C-B764-EF6AF3B96ACB}.Debug Japanese|x64.ActiveCfg = Debug Japanese|Win32
		{89812756-7150-4A0C-B764-EF6AF3B96ACB}.Debug MFC|Win32.ActiveCfg = Debug Japanese|Win32
		{89812756-7150-4A0C-B764-EF6AF3B96ACB}.Debug MFC|Win32.Build.0 = Debug Japanese|Win32
		{89812756-7150-4A0C-B764-EF6AF3B96ACB}.Debug MFC|x64.ActiveCfg = Debug Japanese|Win32
		{89812756-7150-4A0C-B764-EF6AF3B96ACB}.Debug ODBC|Win32.ActiveCfg = Debug Japanese|Win32
		{89812756-7150-4A0C-B764-EF6AF3B96ACB}.Debug ODBC|Win32.Build.0 = Debug Japanese|Win32
		{89812756-7150-4A0C-B764-EF6AF3B96ACB}.Debug ODBC|x64.ActiveCfg = Debug Japanese|Win32
		{89812756-7150-4A0C-B764-EF6AF3B96ACB}.Debug Taiwan|Win32.ActiveCfg = Debug Taiwan|Win32
		{89812756-7150-4A0C-B764-EF6AF3B96ACB}.Debug Taiwan|Win32.Build.0 = Debug Taiwan|Win32
		{89812756-7150-4A0C-B764-EF6AF3B96ACB}.Debug Taiwan|x64.ActiveCfg = Debug Taiwan|Win32
		{89812756-7150-4A0C-B764-EF6AF3B96ACB}.Debug(Profile)|Win32.ActiveCfg = Debug Japanese|Win32
		{89812756-7150-4A0C-B764-EF6AF3B96ACB}.Debug(Profile)|Win32.Build.0 = Debug Japanese|Win32
		{89812756-7150-4A0C-B764-EF6AF3B96ACB}.Debug(Profile)|x64.ActiveCfg = Debug Japanese|Win32
		{89812756-7150-4A0C-B764-EF6AF3B96ACB}.Debug_GM Chinese|Win32.ActiveCfg = Debug Japanese|Win32
		{89812756-7150-4A0C-B764-EF6AF3B96ACB}.Debug_GM Chinese|Win32.Build.0 = Debug Japanese|Win32
		{89812756-7150-4A0C-B764-EF6AF3B96ACB}.Debug_GM Chinese|x64.ActiveCfg = Debug Japanese|Win32
		{89812756-7150-4A0C-B764-EF6AF3B96ACB}.Debug_GM English|Win32.ActiveCfg = Debug Japanese|Win32
		{89812756-7150-4A0C-B764-EF6AF3B96ACB}.Debug_GM English|Win32.Build.0 = Debug Japanese|Win32
		{89812756-7150-4A0C-B764-EF6AF3B96ACB}.Debug_GM English|x64.ActiveCfg = Debug Japanese|Win32
		{89812756-7150-4A0C-B764-EF6AF3B96ACB}.Debug_GM|Win32.ActiveCfg = Debug Japanese|Win32
		{89812756-7150-4A0C-B764-EF6AF3B96ACB}.Debug_GM|Win32.Build.0 = Debug Japanese|Win32
		{89812756-7150-4A0C-B764-EF6AF3B96ACB}.Debug_GM|x64.ActiveCfg = Debug Japanese|Win32
		{89812756-7150-4A0C-B764-EF6AF3B96ACB}.Debug|Win32.ActiveCfg = Debug|Win32
		{89812756-7150-4A0C-B764-EF6AF3B96ACB}.Debug|Win32.Build.0 = Debug|Win32
		{89812756-7150-4A0C-B764-EF6AF3B96ACB}.Debug|x64.ActiveCfg = Debug|Win32
		{89812756-7150-4A0C-B764-EF6AF3B96ACB}.Release Chinese|Win32.ActiveCfg = Release Chinese|Win32
		{89812756-7150-4A0C-B764-EF6AF3B96ACB}.Release Chinese|Win32.Build.0 = Release Chinese|Win32
		{89812756-7150-4A0C-B764-EF6AF3B96ACB}.Release Chinese|x64.ActiveCfg = Release Chinese|Win32
		{89812756-7150-4A0C-B764-EF6AF3B96ACB}.Release EM64T Chinese|Win32.ActiveCfg = Release English|Win32
		{89812756-7150-4A0C-B764-EF6AF3B96ACB}.Release EM64T Chinese|Win32.Build.0 = Release English|Win32
		{89812756-7150-4A0C-B764-EF6AF3B96ACB}.Release EM64T Chinese|x64.ActiveCfg = Release English|Win32
		{89812756-7150-4A0C-B764-EF6AF3B96ACB}.Release EM64T|Win32.ActiveCfg = Release English|Win32
		{89812756-7150-4A0C-B764-EF6AF3B96ACB}.Release EM64T|Win32.Build.0 = Release English|Win32
		{89812756-7150-4A0C-B764-EF6AF3B96ACB}.Release EM64T|x64.ActiveCfg = Release English|Win32
		{89812756-7150-4A0C-B764-EF6AF3B96ACB}.Release English ODBC|Win32.ActiveCfg = Release English|Win32
		{89812756-7150-4A0C-B764-EF6AF3B96ACB}.Release English ODBC|Win32.Build.0 = Release English|Win32
		{89812756-7150-4A0C-B764-EF6AF3B96ACB}.Release English ODBC|x64.ActiveCfg = Release English|Win32
		{89812756-7150-4A0C-B764-EF6AF3B96ACB}.Release Global|Win32.ActiveCfg = Release Global|Win32
		{89812756-7150-4A0C-B764-EF6AF3B96ACB}.Release Global|Win32.Build.0 = Release Global|Win32
		{89812756-7150-4A0C-B764-EF6AF3B96ACB}.Release Global|x64.ActiveCfg = Release Japanese DLL|Win32
		{89812756-7150-4A0C-B764-EF6AF3B96ACB}.Release Japanese DLL|Win32.ActiveCfg = Release Japanese DLL|Win32
		{89812756-7150-4A0C-B764-EF6AF3B96ACB}.Release Japanese DLL|Win32.Build.0 = Release Japanese DLL|Win32
		{89812756-7150-4A0C-B764-EF6AF3B96ACB}.Release Japanese DLL|x64.ActiveCfg = Release Japanese DLL|Win32
		{89812756-7150-4A0C-B764-EF6AF3B96ACB}.Release Japanese|Win32.ActiveCfg = Release Japanese|Win32
		{89812756-7150-4A0C-B764-EF6AF3B96ACB}.Release Japanese|Win32.Build.0 = Release Japanese|Win32
		{89812756-7150-4A0C-B764-EF6AF3B96ACB}.Release Japanese|x64.ActiveCfg = Release Japanese|Win32
		{89812756-7150-4A0C-B764-EF6AF3B96ACB}.Release MFC|Win32.ActiveCfg = Release Japanese DLL|Win32
		{89812756-7150-4A0C-B764-EF6AF3B96ACB}.Release MFC|Win32.Build.0 = Release Japanese DLL|Win32
		{89812756-7150-4A0C-B764-EF6AF3B96ACB}.Release MFC|x64.ActiveCfg = Release Japanese DLL|Win32
		{89812756-7150-4A0C-B764-EF6AF3B96ACB}.Release MT|Win32.ActiveCfg = Release Japanese DLL|Win32
		{89812756-7150-4A0C-B764-EF6AF3B96ACB}.Release MT|Win32.Build.0 = Release Japanese DLL|Win32
		{89812756-7150-4A0C-B764-EF6AF3B96ACB}.Release MT|x64.ActiveCfg = Release Japanese DLL|Win32
		{89812756-7150-4A0C-B764-EF6AF3B96ACB}.Release Taiwan|Win32.ActiveCfg = Release Taiwan|Win32
		{89812756-7150-4A0C-B764-EF6AF3B96ACB}.Release Taiwan|Win32.Build.0 = Release Taiwan|Win32
		{89812756-7150-4A0C-B764-EF6AF3B96ACB}.Release Taiwan|x64.ActiveCfg = Release Taiwan|Win32
		{89812756-7150-4A0C-B764-EF6AF3B96ACB}.Release(Profile)|Win32.ActiveCfg = Release(Profile)|Win32
		{89812756-7150-4A0C-B764-EF6AF3B96ACB}.Release(Profile)|Win32.Build.0 = Release(Profile)|Win32
		{89812756-7150-4A0C-B764-EF6AF3B96ACB}.Release(Profile)|x64.ActiveCfg = Release(Profile)|Win32
		{89812756-7150-4A0C-B764-EF6AF3B96ACB}.Release_GM Chinese|Win32.ActiveCfg = Release Japanese DLL|Win32
		{89812756-7150-4A0C-B764-EF6AF3B96ACB}.Release_GM Chinese|Win32.Build.0 = Release Japanese DLL|Win32
		{89812756-7150-4A0C-B764-EF6AF3B96ACB}.Release_GM Chinese|x64.ActiveCfg = Release Japanese DLL|Win32
		{89812756-7150-4A0C-B764-EF6AF3B96ACB}.Release_GM English|Win32.ActiveCfg = Release Japanese DLL|Win32
		{89812756-7150-4A0C-B764-EF6AF3B96ACB}.Release_GM English|Win32.Build.0 = Release Japanese DLL|Win32
		{89812756-7150-4A0C-B764-EF6AF3B96ACB}.Release_GM English|x64.ActiveCfg = Release Japanese DLL|Win32
		{89812756-7150-4A0C-B764-EF6AF3B96ACB}.Release_GM Japanese|Win32.ActiveCfg = Release Japanese DLL|Win32
		{89812756-7150-4A0C-B764-EF6AF3B96ACB}.Release_GM Japanese|Win32.Build.0 = Release Japanese DLL|Win32
		{89812756-7150-4A0C-B764-EF6AF3B96ACB}.Release_GM Japanese|x64.ActiveCfg = Release Japanese DLL|Win32
		{89812756-7150-4A0C-B764-EF6AF3B96ACB}.Release_GM|Win32.ActiveCfg = Release Japanese DLL|Win32
		{89812756-7150-4A0C-B764-EF6AF3B96ACB}.Release_GM|Win32.Build.0 = Release Japanese DLL|Win32
		{89812756-7150-4A0C-B764-EF6AF3B96ACB}.Release_GM|x64.ActiveCfg = Release Japanese DLL|Win32
		{89812756-7150-4A0C-B764-EF6AF3B96ACB}.Release|Win32.ActiveCfg = Release|Win32
		{89812756-7150-4A0C-B764-EF6AF3B96ACB}.Release|Win32.Build.0 = Release|Win32
		{89812756-7150-4A0C-B764-EF6AF3B96ACB}.Release|x64.ActiveCfg = Release|Win32
		{84D85FE7-027C-4FD2-AEC1-0C813D565752}.Debug Chinese|Win32.ActiveCfg = Debug|Win32
		{84D85FE7-027C-4FD2-AEC1-0C813D565752}.Debug Chinese|Win32.Build.0 = Debug|Win32
		{84D85FE7-027C-4FD2-AEC1-0C813D565752}.Debug Chinese|x64.ActiveCfg = Debug|Win32
		{84D85FE7-027C-4FD2-AEC1-0C813D565752}.Debug EM64T|Win32.ActiveCfg = Debug|Win32
		{84D85FE7-027C-4FD2-AEC1-0C813D565752}.Debug EM64T|Win32.Build.0 = Debug|Win32
		{84D85FE7-027C-4FD2-AEC1-0C813D565752}.Debug EM64T|x64.ActiveCfg = Debug|Win32
		{84D85FE7-027C-4FD2-AEC1-0C813D565752}.Debug Export|Win32.ActiveCfg = Debug|Win32
		{84D85FE7-027C-4FD2-AEC1-0C813D565752}.Debug Export|Win32.Build.0 = Debug|Win32
		{84D85FE7-027C-4FD2-AEC1-0C813D565752}.Debug Export|x64.ActiveCfg = Debug|Win32
		{84D85FE7-027C-4FD2-AEC1-0C813D565752}.Debug Global|Win32.ActiveCfg = Debug|Win32
		{84D85FE7-027C-4FD2-AEC1-0C813D565752}.Debug Global|Win32.Build.0 = Debug|Win32
		{84D85FE7-027C-4FD2-AEC1-0C813D565752}.Debug Global|x64.ActiveCfg = Debug|Win32
		{84D85FE7-027C-4FD2-AEC1-0C813D565752}.Debug Japanese|Win32.ActiveCfg = Debug|Win32
		{84D85FE7-027C-4FD2-AEC1-0C813D565752}.Debug Japanese|Win32.Build.0 = Debug|Win32
		{84D85FE7-027C-4FD2-AEC1-0C813D565752}.Debug Japanese|x64.ActiveCfg = Debug|Win32
		{84D85FE7-027C-4FD2-AEC1-0C813D565752}.Debug MFC|Win32.ActiveCfg = Debug|Win32
		{84D85FE7-027C-4FD2-AEC1-0C813D565752}.Debug MFC|Win32.Build.0 = Debug|Win32
		{84D85FE7-027C-4FD2-AEC1-0C813D565752}.Debug MFC|x64.ActiveCfg = Debug|Win32
		{84D85FE7-027C-4FD2-AEC1-0C813D565752}.Debug ODBC|Win32.ActiveCfg = Debug|Win32
		{84D85FE7-027C-4FD2-AEC1-0C813D565752}.Debug ODBC|Win32.Build.0 = Debug|Win32
		{84D85FE7-027C-4FD2-AEC1-0C813D565752}.Debug ODBC|x64.ActiveCfg = Debug|Win32
		{84D85FE7-027C-4FD2-AEC1-0C813D565752}.Debug Taiwan|Win32.ActiveCfg = Debug|Win32
		{84D85FE7-027C-4FD2-AEC1-0C813D565752}.Debug Taiwan|Win32.Build.0 = Debug|Win32
		{84D85FE7-027C-4FD2-AEC1-0C813D565752}.Debug Taiwan|x64.ActiveCfg = Debug|Win32
		{84D85FE7-027C-4FD2-AEC1-0C813D565752}.Debug(Profile)|Win32.ActiveCfg = Debug|Win32
		{84D85FE7-027C-4FD2-AEC1-0C813D565752}.Debug(Profile)|Win32.Build.0 = Debug|Win32
		{84D85FE7-027C-4FD2-AEC1-0C813D565752}.Debug(Profile)|x64.ActiveCfg = Debug|Win32
		{84D85FE7-027C-4FD2-AEC1-0C813D565752}.Debug_GM Chinese|Win32.ActiveCfg = Debug|Win32
		{84D85FE7-027C-4FD2-AEC1-0C813D565752}.Debug_GM Chinese|Win32.Build.0 = Debug|Win32
		{84D85FE7-027C-4FD2-AEC1-0C813D565752}.Debug_GM Chinese|x64.ActiveCfg = Debug|Win32
		{84D85FE7-027C-4FD2-AEC1-0C813D565752}.Debug_GM English|Win32.ActiveCfg = Debug|Win32
		{84D85FE7-027C-4FD2-AEC1-0C813D565752}.Debug_GM English|Win32.Build.0 = Debug|Win32
		{84D85FE7-027C-4FD2-AEC1-0C813D565752}.Debug_GM English|x64.ActiveCfg = Debug|Win32
		{84D85FE7-027C-4FD2-AEC1-0C813D565752}.Debug_GM|Win32.ActiveCfg = Debug|Win32
		{84D85FE7-027C-4FD2-AEC1-0C813D565752}.Debug_GM|Win32.Build.0 = Debug|Win32
		{84D85FE7-027C-4FD2-AEC1-0C813D565752}.Debug_GM|x64.ActiveCfg = Debug|Win32
		{84D85FE7-027C-4FD2-AEC1-0C813D565752}.Debug|Win32.ActiveCfg = Debug|Win32
		{84D85FE7-027C-4FD2-AEC1-0C813D565752}.Debug|Win32.Build.0 = Debug|Win32
		{84D85FE7-027C-4FD2-AEC1-0C813D565752}.Debug|x64.ActiveCfg = Debug|Win32
		{84D85FE7-027C-4FD2-AEC1-0C813D565752}.Release Chinese|Win32.ActiveCfg = Release|Win32
		{84D85FE7-027C-4FD2-AEC1-0C813D565752}.Release Chinese|Win32.Build.0 = Release|Win32
		{84D85FE7-027C-4FD2-AEC1-0C813D565752}.Release Chinese|x64.ActiveCfg = Release|Win32
		{84D85FE7-027C-4FD2-AEC1-0C813D565752}.Release EM64T Chinese|Win32.ActiveCfg = Release|Win32
		{84D85FE7-027C-4FD2-AEC1-0C813D565752}.Release EM64T Chinese|Win32.Build.0 = Release|Win32
		{84D85FE7-027C-4FD2-AEC1-0C813D565752}.Release EM64T Chinese|x64.ActiveCfg = Release|Win32
		{84D85FE7-027C-4FD2-AEC1-0C813D565752}.Release EM64T|Win32.ActiveCfg = Release|Win32
		{84D85FE7-027C-4FD2-AEC1-0C813D565752}.Release EM64T|Win32.Build.0 = Release|Win32
		{84D85FE7-027C-4FD2-AEC1-0C813D565752}.Release EM64T|x64.ActiveCfg = Release|Win32
		{84D85FE7-027C-4FD2-AEC1-0C813D565752}.Release English ODBC|Win32.ActiveCfg = Release|Win32
		{84D85FE7-027C-4FD2-AEC1-0C813D565752}.Release English ODBC|Win32.Build.0 = Release|Win32
		{84D85FE7-027C-4FD2-AEC1-0C813D565752}.Release English ODBC|x64.ActiveCfg = Release|Win32
		{84D85FE7-027C-4FD2-AEC1-0C813D565752}.Release Global|Win32.ActiveCfg = Release|Win32
		{84D85FE7-027C-4FD2-AEC1-0C813D565752}.Release Global|Win32.Build.0 = Release|Win32
		{84D85FE7-027C-4FD2-AEC1-0C813D565752}.Release Global|x64.ActiveCfg = Release|Win32
		{84D85FE7-027C-4FD2-AEC1-0C813D565752}.Release Japanese DLL|Win32.ActiveCfg = Release|Win32
		{84D85FE7-027C-4FD2-AEC1-0C813D565752}.Release Japanese DLL|Win32.Build.0 = Release|Win32
		{84D85FE7-027C-4FD2-AEC1-0C813D565752}.Release Japanese DLL|x64.ActiveCfg = Release|Win32
		{84D85FE7-027C-4FD2-AEC1-0C813D565752}.Release Japanese|Win32.ActiveCfg = Release|Win32
		{84D85FE7-027C-4FD2-AEC1-0C813D565752}.Release Japanese|Win32.Build.0 = Release|Win32
		{84D85FE7-027C-4FD2-AEC1-0C813D565752}.Release Japanese|x64.ActiveCfg = Release|Win32
		{84D85FE7-027C-4FD2-AEC1-0C813D565752}.Release MFC|Win32.ActiveCfg = Release|Win32
		{84D85FE7-027C-4FD2-AEC1-0C813D565752}.Release MFC|Win32.Build.0 = Release|Win32
		{84D85FE7-027C-4FD2-AEC1-0C813D565752}.Release MFC|x64.ActiveCfg = Release|Win32
		{84D85FE7-027C-4FD2-AEC1-0C813D565752}.Release MT|Win32.ActiveCfg = Release|Win32
		{84D85FE7-027C-4FD2-AEC1-0C813D565752}.Release MT|Win32.Build.0 = Release|Win32
		{84D85FE7-027C-4FD2-AEC1-0C813D565752}.Release MT|x64.ActiveCfg = Release|Win32
		{84D85FE7-027C-4FD2-AEC1-0C813D565752}.Release Taiwan|Win32.ActiveCfg = Release|Win32
		{84D85FE7-027C-4FD2-AEC1-0C813D565752}.Release Taiwan|Win32.Build.0 = Release|Win32
		{84D85FE7-027C-4FD2-AEC1-0C813D565752}.Release Taiwan|x64.ActiveCfg = Release|Win32
		{84D85FE7-027C-4FD2-AEC1-0C813D565752}.Release(Profile)|Win32.ActiveCfg = Release|Win32
		{84D85FE7-027C-4FD2-AEC1-0C813D565752}.Release(Profile)|Win32.Build.0 = Release|Win32
		{84D85FE7-027C-4FD2-AEC1-0C813D565752}.Release(Profile)|x64.ActiveCfg = Release|Win32
		{84D85FE7-027C-4FD2-AEC1-0C813D565752}.Release_GM Chinese|Win32.ActiveCfg = Release|Win32
		{84D85FE7-027C-4FD2-AEC1-0C813D565752}.Release_GM Chinese|Win32.Build.0 = Release|Win32
		{84D85FE7-027C-4FD2-AEC1-0C813D565752}.Release_GM Chinese|x64.ActiveCfg = Release|Win32
		{84D85FE7-027C-4FD2-AEC1-0C813D565752}.Release_GM English|Win32.ActiveCfg = Release|Win32
		{84D85FE7-027C-4FD2-AEC1-0C813D565752}.Release_GM English|Win32.Build.0 = Release|Win32
		{84D85FE7-027C-4FD2-AEC1-0C813D565752}.Release_GM English|x64.ActiveCfg = Release|Win32
		{84D85FE7-027C-4FD2-AEC1-0C813D565752}.Release_GM Japanese|Win32.ActiveCfg = Release|Win32
		{84D85FE7-027C-4FD2-AEC1-0C813D565752}.Release_GM Japanese|Win32.Build.0 = Release|Win32
		{84D85FE7-027C-4FD2-AEC1-0C813D565752}.Release_GM Japanese|x64.ActiveCfg = Release|Win32
		{84D85FE7-027C-4FD2-AEC1-0C813D565752}.Release_GM|Win32.ActiveCfg = Release|Win32
		{84D85FE7-027C-4FD2-AEC1-0C813D565752}.Release_GM|Win32.Build.0 = Release|Win32
		{84D85FE7-027C-4FD2-AEC1-0C813D565752}.Release_GM|x64.ActiveCfg = Release|Win32
		{84D85FE7-027C-4FD2-AEC1-0C813D565752}.Release|Win32.ActiveCfg = Release|Win32
		{84D85FE7-027C-4FD2-AEC1-0C813D565752}.Release|Win32.Build.0 = Release|Win32
		{84D85FE7-027C-4FD2-AEC1-0C813D565752}.Release|x64.ActiveCfg = Release|Win32
		{1D63A90D-2E76-4F52-9249-4F841B7225B7}.Debug Chinese|Win32.ActiveCfg = Debug|Win32
		{1D63A90D-2E76-4F52-9249-4F841B7225B7}.Debug Chinese|Win32.Build.0 = Debug|Win32
		{1D63A90D-2E76-4F52-9249-4F841B7225B7}.Debug Chinese|x64.ActiveCfg = Debug|Win32
		{1D63A90D-2E76-4F52-9249-4F841B7225B7}.Debug EM64T|Win32.ActiveCfg = Debug|Win32
		{1D63A90D-2E76-4F52-9249-4F841B7225B7}.Debug EM64T|Win32.Build.0 = Debug|Win32
		{1D63A90D-2E76-4F52-9249-4F841B7225B7}.Debug EM64T|x64.ActiveCfg = Debug|Win32
		{1D63A90D-2E76-4F52-9249-4F841B7225B7}.Debug Export|Win32.ActiveCfg = Debug|Win32
		{1D63A90D-2E76-4F52-9249-4F841B7225B7}.Debug Export|Win32.Build.0 = Debug|Win32
		{1D63A90D-2E76-4F52-9249-4F841B7225B7}.Debug Export|x64.ActiveCfg = Debug|Win32
		{1D63A90D-2E76-4F52-9249-4F841B7225B7}.Debug Global|Win32.ActiveCfg = Debug|Win32
		{1D63A90D-2E76-4F52-9249-4F841B7225B7}.Debug Global|Win32.Build.0 = Debug|Win32
		{1D63A90D-2E76-4F52-9249-4F841B7225B7}.Debug Global|x64.ActiveCfg = Debug|Win32
		{1D63A90D-2E76-4F52-9249-4F841B7225B7}.Debug Japanese|Win32.ActiveCfg = Debug_Japan|Win32
		{1D63A90D-2E76-4F52-9249-4F841B7225B7}.Debug Japanese|Win32.Build.0 = Debug_Japan|Win32
		{1D63A90D-2E76-4F52-9249-4F841B7225B7}.Debug Japanese|x64.ActiveCfg = Debug|Win32
		{1D63A90D-2E76-4F52-9249-4F841B7225B7}.Debug MFC|Win32.ActiveCfg = Debug|Win32
		{1D63A90D-2E76-4F52-9249-4F841B7225B7}.Debug MFC|Win32.Build.0 = Debug|Win32
		{1D63A90D-2E76-4F52-9249-4F841B7225B7}.Debug MFC|x64.ActiveCfg = Debug|Win32
		{1D63A90D-2E76-4F52-9249-4F841B7225B7}.Debug ODBC|Win32.ActiveCfg = Debug|Win32
		{1D63A90D-2E76-4F52-9249-4F841B7225B7}.Debug ODBC|Win32.Build.0 = Debug|Win32
		{1D63A90D-2E76-4F52-9249-4F841B7225B7}.Debug ODBC|x64.ActiveCfg = Debug|Win32
		{1D63A90D-2E76-4F52-9249-4F841B7225B7}.Debug Taiwan|Win32.ActiveCfg = Debug|Win32
		{1D63A90D-2E76-4F52-9249-4F841B7225B7}.Debug Taiwan|Win32.Build.0 = Debug|Win32
		{1D63A90D-2E76-4F52-9249-4F841B7225B7}.Debug Taiwan|x64.ActiveCfg = Debug_Japan|Win32
		{1D63A90D-2E76-4F52-9249-4F841B7225B7}.Debug(Profile)|Win32.ActiveCfg = Debug|Win32
		{1D63A90D-2E76-4F52-9249-4F841B7225B7}.Debug(Profile)|Win32.Build.0 = Debug|Win32
		{1D63A90D-2E76-4F52-9249-4F841B7225B7}.Debug(Profile)|x64.ActiveCfg = Debug|Win32
		{1D63A90D-2E76-4F52-9249-4F841B7225B7}.Debug_GM Chinese|Win32.ActiveCfg = Debug|Win32
		{1D63A90D-2E76-4F52-9249-4F841B7225B7}.Debug_GM Chinese|Win32.Build.0 = Debug|Win32
		{1D63A90D-2E76-4F52-9249-4F841B7225B7}.Debug_GM Chinese|x64.ActiveCfg = Debug|Win32
		{1D63A90D-2E76-4F52-9249-4F841B7225B7}.Debug_GM English|Win32.ActiveCfg = Debug|Win32
		{1D63A90D-2E76-4F52-9249-4F841B7225B7}.Debug_GM English|Win32.Build.0 = Debug|Win32
		{1D63A90D-2E76-4F52-9249-4F841B7225B7}.Debug_GM English|x64.ActiveCfg = Debug|Win32
		{1D63A90D-2E76-4F52-9249-4F841B7225B7}.Debug_GM|Win32.ActiveCfg = Debug|Win32
		{1D63A90D-2E76-4F52-9249-4F841B7225B7}.Debug_GM|Win32.Build.0 = Debug|Win32
		{1D63A90D-2E76-4F52-9249-4F841B7225B7}.Debug_GM|x64.ActiveCfg = Debug|Win32
		{1D63A90D-2E76-4F52-9249-4F841B7225B7}.Debug|Win32.ActiveCfg = Debug|Win32
		{1D63A90D-2E76-4F52-9249-4F841B7225B7}.Debug|Win32.Build.0 = Debug|Win32
		{1D63A90D-2E76-4F52-9249-4F841B7225B7}.Debug|x64.ActiveCfg = Debug|Win32
		{1D63A90D-2E76-4F52-9249-4F841B7225B7}.Release Chinese|Win32.ActiveCfg = Release|Win32
		{1D63A90D-2E76-4F52-9249-4F841B7225B7}.Release Chinese|Win32.Build.0 = Release|Win32
		{1D63A90D-2E76-4F52-9249-4F841B7225B7}.Release Chinese|x64.ActiveCfg = Release|Win32
		{1D63A90D-2E76-4F52-9249-4F841B7225B7}.Release EM64T Chinese|Win32.ActiveCfg = Release|Win32
		{1D63A90D-2E76-4F52-9249-4F841B7225B7}.Release EM64T Chinese|Win32.Build.0 = Release|Win32
		{1D63A90D-2E76-4F52-9249-4F841B7225B7}.Release EM64T Chinese|x64.ActiveCfg = Release|Win32
		{1D63A90D-2E76-4F52-9249-4F841B7225B7}.Release EM64T|Win32.ActiveCfg = Release|Win32
		{1D63A90D-2E76-4F52-9249-4F841B7225B7}.Release EM64T|Win32.Build.0 = Release|Win32
		{1D63A90D-2E76-4F52-9249-4F841B7225B7}.Release EM64T|x64.ActiveCfg = Release|Win32
		{1D63A90D-2E76-4F52-9249-4F841B7225B7}.Release English ODBC|Win32.ActiveCfg = Release|Win32
		{1D63A90D-2E76-4F52-9249-4F841B7225B7}.Release English ODBC|Win32.Build.0 = Release|Win32
		{1D63A90D-2E76-4F52-9249-4F841B7225B7}.Release English ODBC|x64.ActiveCfg = Release|Win32
		{1D63A90D-2E76-4F52-9249-4F841B7225B7}.Release Global|Win32.ActiveCfg = Release|Win32
		{1D63A90D-2E76-4F52-9249-4F841B7225B7}.Release Global|Win32.Build.0 = Release|Win32
		{1D63A90D-2E76-4F52-9249-4F841B7225B7}.Release Global|x64.ActiveCfg = Release|Win32
		{1D63A90D-2E76-4F52-9249-4F841B7225B7}.Release Japanese DLL|Win32.ActiveCfg = Release|Win32
		{1D63A90D-2E76-4F52-9249-4F841B7225B7}.Release Japanese DLL|Win32.Build.0 = Release|Win32
		{1D63A90D-2E76-4F52-9249-4F841B7225B7}.Release Japanese DLL|x64.ActiveCfg = Release|Win32
		{1D63A90D-2E76-4F52-9249-4F841B7225B7}.Release Japanese|Win32.ActiveCfg = Release|Win32
		{1D63A90D-2E76-4F52-9249-4F841B7225B7}.Release Japanese|Win32.Build.0 = Release|Win32
		{1D63A90D-2E76-4F52-9249-4F841B7225B7}.Release Japanese|x64.ActiveCfg = Release|Win32
		{1D63A90D-2E76-4F52-9249-4F841B7225B7}.Release MFC|Win32.ActiveCfg = Release|Win32
		{1D63A90D-2E76-4F52-9249-4F841B7225B7}.Release MFC|Win32.Build.0 = Release|Win32
		{1D63A90D-2E76-4F52-9249-4F841B7225B7}.Release MFC|x64.ActiveCfg = Release|Win32
		{1D63A90D-2E76-4F52-9249-4F841B7225B7}.Release MT|Win32.ActiveCfg = Release|Win32
		{1D63A90D-2E76-4F52-9249-4F841B7225B7}.Release MT|Win32.Build.0 = Release|Win32
		{1D63A90D-2E76-4F52-9249-4F841B7225B7}.Release MT|x64.ActiveCfg = Release|Win32
		{1D63A90D-2E76-4F52-9249-4F841B7225B7}.Release Taiwan|Win32.ActiveCfg = Release|Win32
		{1D63A90D-2E76-4F52-9249-4F841B7225B7}.Release Taiwan|Win32.Build.0 = Release|Win32
		{1D63A90D-2E76-4F52-9249-4F841B7225B7}.Release Taiwan|x64.ActiveCfg = Release_Japan|Win32
		{1D63A90D-2E76-4F52-9249-4F841B7225B7}.Release(Profile)|Win32.ActiveCfg = Release|Win32
		{1D63A90D-2E76-4F52-9249-4F841B7225B7}.Release(Profile)|Win32.Build.0 = Release|Win32
		{1D63A90D-2E76-4F52-9249-4F841B7225B7}.Release(Profile)|x64.ActiveCfg = Release|Win32
		{1D63A90D-2E76-4F52-9249-4F841B7225B7}.Release_GM Chinese|Win32.ActiveCfg = Release|Win32
		{1D63A90D-2E76-4F52-9249-4F841B7225B7}.Release_GM Chinese|Win32.Build.0 = Release|Win32
		{1D63A90D-2E76-4F52-9249-4F841B7225B7}.Release_GM Chinese|x64.ActiveCfg = Release|Win32
		{1D63A90D-2E76-4F52-9249-4F841B7225B7}.Release_GM English|Win32.ActiveCfg = Release|Win32
		{1D63A90D-2E76-4F52-9249-4F841B7225B7}.Release_GM English|Win32.Build.0 = Release|Win32
		{1D63A90D-2E76-4F52-9249-4F841B7225B7}.Release_GM English|x64.ActiveCfg = Release|Win32
		{1D63A90D-2E76-4F52-9249-4F841B7225B7}.Release_GM Japanese|Win32.ActiveCfg = Release|Win32
		{1D63A90D-2E76-4F52-9249-4F841B7225B7}.Release_GM Japanese|Win32.Build.0 = Release|Win32
		{1D63A90D-2E76-4F52-9249-4F841B7225B7}.Release_GM Japanese|x64.ActiveCfg = Release|Win32
		{1D63A90D-2E76-4F52-9249-4F841B7225B7}.Release_GM|Win32.ActiveCfg = Release|Win32
		{1D63A90D-2E76-4F52-9249-4F841B7225B7}.Release_GM|Win32.Build.0 = Release|Win32
		{1D63A90D-2E76-4F52-9249-4F841B7225B7}.Release_GM|x64.ActiveCfg = Release|Win32
		{1D63A90D-2E76-4F52-9249-4F841B7225B7}.Release|Win32.ActiveCfg = Release|Win32
		{1D63A90D-2E76-4F52-9249-4F841B7225B7}.Release|Win32.Build.0 = Release|Win32
		{1D63A90D-2E76-4F52-9249-4F841B7225B7}.Release|x64.ActiveCfg = Release|Win32
	EndGlobalSection
	GlobalSection(SolutionProperties) = preSolution
		HideSolutionNode = FALSE
	EndGlobalSection
	GlobalSection(DPCodeReviewSolutionGUID) = preSolution
		DPCodeReviewSolutionGUID = {00000000-0000-0000-0000-000000000000}
	EndGlobalSection
EndGlobal
